// !$*UTF8*$!
{
	archiveVersion = 1;
	classes = {
	};
	objectVersion = 48;
	objects = {

/* Begin PBXBuildFile section */
		6A66FDD0FD1E7024421163FE /* Pods_MyPowerOf10Tests.framework in Frameworks */ = {isa = PBXBuildFile; fileRef = EA7D2C0B3240167CC8F17864 /* Pods_MyPowerOf10Tests.framework */; };
		8119C4AAB35F8E5F9D6F2723 /* Pods_MyPowerOf10.framework in Frameworks */ = {isa = PBXBuildFile; fileRef = 5CE89C594C42E3E3567F1E97 /* Pods_MyPowerOf10.framework */; };
		9145A5941FC61AF9000C6EC8 /* AthleteSearchResultTableViewCell.swift in Sources */ = {isa = PBXBuildFile; fileRef = 9145A5921FC61AF9000C6EC8 /* AthleteSearchResultTableViewCell.swift */; };
		9145A5951FC61AF9000C6EC8 /* AthleteSearchResultTableViewCell.xib in Resources */ = {isa = PBXBuildFile; fileRef = 9145A5931FC61AF9000C6EC8 /* AthleteSearchResultTableViewCell.xib */; };
		9145A5971FC625C4000C6EC8 /* GradientView.swift in Sources */ = {isa = PBXBuildFile; fileRef = 9145A5961FC625C4000C6EC8 /* GradientView.swift */; };
		9145A5991FC62B6F000C6EC8 /* UIViewController+Additions.swift in Sources */ = {isa = PBXBuildFile; fileRef = 9145A5981FC62B6F000C6EC8 /* UIViewController+Additions.swift */; };
		9145A59B1FC62F23000C6EC8 /* UIView+Shadow.swift in Sources */ = {isa = PBXBuildFile; fileRef = 9145A59A1FC62F23000C6EC8 /* UIView+Shadow.swift */; };
		91499D7F1FAF8DEB0086134E /* AthleteResult.swift in Sources */ = {isa = PBXBuildFile; fileRef = 91499D7E1FAF8DEB0086134E /* AthleteResult.swift */; };
		91499D821FAF8E570086134E /* String+Additions.swift in Sources */ = {isa = PBXBuildFile; fileRef = 91499D811FAF8E570086134E /* String+Additions.swift */; };
		91499D851FB105660086134E /* Config.swift in Sources */ = {isa = PBXBuildFile; fileRef = 91499D841FB105660086134E /* Config.swift */; };
		91499D8B1FB107E40086134E /* SubmitAthleteSearchResource.swift in Sources */ = {isa = PBXBuildFile; fileRef = 91499D8A1FB107E40086134E /* SubmitAthleteSearchResource.swift */; };
		91590C4A1FB79F7600707A47 /* AthleteSearchViewController.swift in Sources */ = {isa = PBXBuildFile; fileRef = 91590C471FB79F7600707A47 /* AthleteSearchViewController.swift */; };
		91590C4B1FB79F7600707A47 /* AthleteSearchViewController.xib in Resources */ = {isa = PBXBuildFile; fileRef = 91590C481FB79F7600707A47 /* AthleteSearchViewController.xib */; };
		91590C4C1FB79F7600707A47 /* AthleteSearchViewPresenter.swift in Sources */ = {isa = PBXBuildFile; fileRef = 91590C491FB79F7600707A47 /* AthleteSearchViewPresenter.swift */; };
		91590C4F1FB7A0F500707A47 /* AthleteSearchRouter.swift in Sources */ = {isa = PBXBuildFile; fileRef = 91590C4E1FB7A0F500707A47 /* AthleteSearchRouter.swift */; };
		91590C531FB7A41900707A47 /* BaseViewController.swift in Sources */ = {isa = PBXBuildFile; fileRef = 91590C511FB7A41900707A47 /* BaseViewController.swift */; };
		91590C541FB7A41900707A47 /* BaseViewController.xib in Resources */ = {isa = PBXBuildFile; fileRef = 91590C521FB7A41900707A47 /* BaseViewController.xib */; };
		91590C591FB7B03B00707A47 /* AthleteSearchResultsViewController.swift in Sources */ = {isa = PBXBuildFile; fileRef = 91590C561FB7B03B00707A47 /* AthleteSearchResultsViewController.swift */; };
		91590C5A1FB7B03B00707A47 /* AthleteSearchResultsViewController.xib in Resources */ = {isa = PBXBuildFile; fileRef = 91590C571FB7B03B00707A47 /* AthleteSearchResultsViewController.xib */; };
		91590C5B1FB7B03B00707A47 /* AthleteSearchResultsViewPresenter.swift in Sources */ = {isa = PBXBuildFile; fileRef = 91590C581FB7B03B00707A47 /* AthleteSearchResultsViewPresenter.swift */; };
		91590C601FB8B8F100707A47 /* SearchTextField.swift in Sources */ = {isa = PBXBuildFile; fileRef = 91590C5E1FB8B8F100707A47 /* SearchTextField.swift */; };
		91590C631FB8C78100707A47 /* KeyboardAdjustableViewController.swift in Sources */ = {isa = PBXBuildFile; fileRef = 91590C621FB8C78100707A47 /* KeyboardAdjustableViewController.swift */; };
		91590C651FB8E40C00707A47 /* UIColor+AppTheme.swift in Sources */ = {isa = PBXBuildFile; fileRef = 91590C641FB8E40C00707A47 /* UIColor+AppTheme.swift */; };
		91590C681FB8EC4B00707A47 /* ActionButtonInputAccessoryView.swift in Sources */ = {isa = PBXBuildFile; fileRef = 91590C661FB8EC4B00707A47 /* ActionButtonInputAccessoryView.swift */; };
		91590C691FB8EC4B00707A47 /* ActionButtonInputAccessoryView.xib in Resources */ = {isa = PBXBuildFile; fileRef = 91590C671FB8EC4B00707A47 /* ActionButtonInputAccessoryView.xib */; };
		91590C6B1FB8EE7B00707A47 /* UIView+NibLoading.swift in Sources */ = {isa = PBXBuildFile; fileRef = 91590C6A1FB8EE7B00707A47 /* UIView+NibLoading.swift */; };
		91590C6D1FB8F15E00707A47 /* RoundedCornerActionButton.swift in Sources */ = {isa = PBXBuildFile; fileRef = 91590C6C1FB8F15E00707A47 /* RoundedCornerActionButton.swift */; };
		91590C6F1FBA410800707A47 /* AthleteSearchViewPresenterTests.swift in Sources */ = {isa = PBXBuildFile; fileRef = 91590C6E1FBA410800707A47 /* AthleteSearchViewPresenterTests.swift */; };
		91590C721FBA454500707A47 /* MockURLSession.swift in Sources */ = {isa = PBXBuildFile; fileRef = 91590C711FBA454500707A47 /* MockURLSession.swift */; };
		917728AE1FC7622F00E6FD8C /* AthleteProfileBestPerformancesView.swift in Sources */ = {isa = PBXBuildFile; fileRef = 917728AC1FC7622F00E6FD8C /* AthleteProfileBestPerformancesView.swift */; };
		917728AF1FC7622F00E6FD8C /* AthleteProfileBestPerformancesView.xib in Resources */ = {isa = PBXBuildFile; fileRef = 917728AD1FC7622F00E6FD8C /* AthleteProfileBestPerformancesView.xib */; };
		917728B31FC7641A00E6FD8C /* BestPerformancesTableViewCell.swift in Sources */ = {isa = PBXBuildFile; fileRef = 917728B11FC7641A00E6FD8C /* BestPerformancesTableViewCell.swift */; };
		917728B41FC7641A00E6FD8C /* BestPerformancesTableViewCell.xib in Resources */ = {isa = PBXBuildFile; fileRef = 917728B21FC7641A00E6FD8C /* BestPerformancesTableViewCell.xib */; };
		917728B61FD9E0E000E6FD8C /* Athlete.swift in Sources */ = {isa = PBXBuildFile; fileRef = 917728B51FD9E0E000E6FD8C /* Athlete.swift */; };
		917728B91FD9E4A400E6FD8C /* DataStoreType.swift in Sources */ = {isa = PBXBuildFile; fileRef = 917728B81FD9E4A400E6FD8C /* DataStoreType.swift */; };
		917728BB1FD9E4AE00E6FD8C /* DataStore.swift in Sources */ = {isa = PBXBuildFile; fileRef = 917728BA1FD9E4AE00E6FD8C /* DataStore.swift */; };
		91784FB51FC6C5FA006ADC28 /* RequestAthleteProfileResource.swift in Sources */ = {isa = PBXBuildFile; fileRef = 91784FB41FC6C5FA006ADC28 /* RequestAthleteProfileResource.swift */; };
		91784FB71FC6CADA006ADC28 /* AthleteProfileHTMLParser.swift in Sources */ = {isa = PBXBuildFile; fileRef = 91784FB61FC6CADA006ADC28 /* AthleteProfileHTMLParser.swift */; };
		91784FB91FC6CFE5006ADC28 /* AthleteProfile.swift in Sources */ = {isa = PBXBuildFile; fileRef = 91784FB81FC6CFE5006ADC28 /* AthleteProfile.swift */; };
		91784FBB1FC6EBEE006ADC28 /* Array+SafeSubscript.swift in Sources */ = {isa = PBXBuildFile; fileRef = 91784FBA1FC6EBEE006ADC28 /* Array+SafeSubscript.swift */; };
		91784FC01FC6FB32006ADC28 /* AthleteProfileViewController.swift in Sources */ = {isa = PBXBuildFile; fileRef = 91784FBD1FC6FB32006ADC28 /* AthleteProfileViewController.swift */; };
		91784FC11FC6FB32006ADC28 /* AthleteProfileViewController.xib in Resources */ = {isa = PBXBuildFile; fileRef = 91784FBE1FC6FB32006ADC28 /* AthleteProfileViewController.xib */; };
		91784FC21FC6FB32006ADC28 /* AthleteProfilePresenter.swift in Sources */ = {isa = PBXBuildFile; fileRef = 91784FBF1FC6FB32006ADC28 /* AthleteProfilePresenter.swift */; };
		917DBC501FC723B300E02C2B /* AthleteProfileInformationView.swift in Sources */ = {isa = PBXBuildFile; fileRef = 917DBC4E1FC723B300E02C2B /* AthleteProfileInformationView.swift */; };
		917DBC511FC723B300E02C2B /* AthleteProfileInformationView.xib in Resources */ = {isa = PBXBuildFile; fileRef = 917DBC4F1FC723B300E02C2B /* AthleteProfileInformationView.xib */; };
		919837571FC708A6007E2BA9 /* AthleteProfileToggleView.swift in Sources */ = {isa = PBXBuildFile; fileRef = 919837551FC708A6007E2BA9 /* AthleteProfileToggleView.swift */; };
		919837581FC708A6007E2BA9 /* AthleteProfileToggleView.xib in Resources */ = {isa = PBXBuildFile; fileRef = 919837561FC708A6007E2BA9 /* AthleteProfileToggleView.xib */; };
		91A4FCA81FAF48F700D8493D /* FileLoader.swift in Sources */ = {isa = PBXBuildFile; fileRef = 91A4FCA71FAF48F700D8493D /* FileLoader.swift */; };
		91A4FCAB1FAF498500D8493D /* AthleteSearchListOneAthlete.html in Resources */ = {isa = PBXBuildFile; fileRef = 91A4FCAA1FAF498500D8493D /* AthleteSearchListOneAthlete.html */; };
		91A4FCAD1FAF499800D8493D /* AthleteSearchHTMLParserTests.swift in Sources */ = {isa = PBXBuildFile; fileRef = 91A4FCAC1FAF499800D8493D /* AthleteSearchHTMLParserTests.swift */; };
		91A4FCAF1FAF598700D8493D /* AthleteSearchHTMLParser.swift in Sources */ = {isa = PBXBuildFile; fileRef = 91A4FCAE1FAF598700D8493D /* AthleteSearchHTMLParser.swift */; };
		91A4FCB11FAF5FC800D8493D /* AthleteSearchListMultiAthletes.html in Resources */ = {isa = PBXBuildFile; fileRef = 91A4FCB01FAF5FC800D8493D /* AthleteSearchListMultiAthletes.html */; };
		91D402591FAF42E70032ED26 /* AppDelegate.swift in Sources */ = {isa = PBXBuildFile; fileRef = 91D402581FAF42E70032ED26 /* AppDelegate.swift */; };
		91D402601FAF42E70032ED26 /* Assets.xcassets in Resources */ = {isa = PBXBuildFile; fileRef = 91D4025F1FAF42E70032ED26 /* Assets.xcassets */; };
		91D402631FAF42E70032ED26 /* LaunchScreen.storyboard in Resources */ = {isa = PBXBuildFile; fileRef = 91D402611FAF42E70032ED26 /* LaunchScreen.storyboard */; };
		91D7F4D51FCD6261008F4A7B /* CollapsableErrorView.swift in Sources */ = {isa = PBXBuildFile; fileRef = 91D7F4D41FCD6261008F4A7B /* CollapsableErrorView.swift */; };
/* End PBXBuildFile section */

/* Begin PBXContainerItemProxy section */
		91D4026A1FAF42E70032ED26 /* PBXContainerItemProxy */ = {
			isa = PBXContainerItemProxy;
			containerPortal = 91D4024D1FAF42E70032ED26 /* Project object */;
			proxyType = 1;
			remoteGlobalIDString = 91D402541FAF42E70032ED26;
			remoteInfo = MyPowerOf10;
		};
/* End PBXContainerItemProxy section */

/* Begin PBXFileReference section */
		2B9A26B7E92130898935AA16 /* Pods-MyPowerOf10.debug.xcconfig */ = {isa = PBXFileReference; includeInIndex = 1; lastKnownFileType = text.xcconfig; name = "Pods-MyPowerOf10.debug.xcconfig"; path = "Pods/Target Support Files/Pods-MyPowerOf10/Pods-MyPowerOf10.debug.xcconfig"; sourceTree = "<group>"; };
		2FE05CB57D473338CB361414 /* Pods-MyPowerOf10.release.xcconfig */ = {isa = PBXFileReference; includeInIndex = 1; lastKnownFileType = text.xcconfig; name = "Pods-MyPowerOf10.release.xcconfig"; path = "Pods/Target Support Files/Pods-MyPowerOf10/Pods-MyPowerOf10.release.xcconfig"; sourceTree = "<group>"; };
		5CE89C594C42E3E3567F1E97 /* Pods_MyPowerOf10.framework */ = {isa = PBXFileReference; explicitFileType = wrapper.framework; includeInIndex = 0; path = Pods_MyPowerOf10.framework; sourceTree = BUILT_PRODUCTS_DIR; };
		9145A5921FC61AF9000C6EC8 /* AthleteSearchResultTableViewCell.swift */ = {isa = PBXFileReference; lastKnownFileType = sourcecode.swift; path = AthleteSearchResultTableViewCell.swift; sourceTree = "<group>"; };
		9145A5931FC61AF9000C6EC8 /* AthleteSearchResultTableViewCell.xib */ = {isa = PBXFileReference; lastKnownFileType = file.xib; path = AthleteSearchResultTableViewCell.xib; sourceTree = "<group>"; };
		9145A5961FC625C4000C6EC8 /* GradientView.swift */ = {isa = PBXFileReference; lastKnownFileType = sourcecode.swift; path = GradientView.swift; sourceTree = "<group>"; };
		9145A5981FC62B6F000C6EC8 /* UIViewController+Additions.swift */ = {isa = PBXFileReference; lastKnownFileType = sourcecode.swift; path = "UIViewController+Additions.swift"; sourceTree = "<group>"; };
		9145A59A1FC62F23000C6EC8 /* UIView+Shadow.swift */ = {isa = PBXFileReference; lastKnownFileType = sourcecode.swift; path = "UIView+Shadow.swift"; sourceTree = "<group>"; };
		91499D7E1FAF8DEB0086134E /* AthleteResult.swift */ = {isa = PBXFileReference; lastKnownFileType = sourcecode.swift; path = AthleteResult.swift; sourceTree = "<group>"; };
		91499D811FAF8E570086134E /* String+Additions.swift */ = {isa = PBXFileReference; lastKnownFileType = sourcecode.swift; path = "String+Additions.swift"; sourceTree = "<group>"; };
		91499D841FB105660086134E /* Config.swift */ = {isa = PBXFileReference; lastKnownFileType = sourcecode.swift; path = Config.swift; sourceTree = "<group>"; };
		91499D8A1FB107E40086134E /* SubmitAthleteSearchResource.swift */ = {isa = PBXFileReference; lastKnownFileType = sourcecode.swift; path = SubmitAthleteSearchResource.swift; sourceTree = "<group>"; };
		91590C471FB79F7600707A47 /* AthleteSearchViewController.swift */ = {isa = PBXFileReference; lastKnownFileType = sourcecode.swift; path = AthleteSearchViewController.swift; sourceTree = "<group>"; };
		91590C481FB79F7600707A47 /* AthleteSearchViewController.xib */ = {isa = PBXFileReference; lastKnownFileType = file.xib; path = AthleteSearchViewController.xib; sourceTree = "<group>"; };
		91590C491FB79F7600707A47 /* AthleteSearchViewPresenter.swift */ = {isa = PBXFileReference; lastKnownFileType = sourcecode.swift; path = AthleteSearchViewPresenter.swift; sourceTree = "<group>"; };
		91590C4E1FB7A0F500707A47 /* AthleteSearchRouter.swift */ = {isa = PBXFileReference; lastKnownFileType = sourcecode.swift; path = AthleteSearchRouter.swift; sourceTree = "<group>"; };
		91590C511FB7A41900707A47 /* BaseViewController.swift */ = {isa = PBXFileReference; lastKnownFileType = sourcecode.swift; path = BaseViewController.swift; sourceTree = "<group>"; };
		91590C521FB7A41900707A47 /* BaseViewController.xib */ = {isa = PBXFileReference; lastKnownFileType = file.xib; path = BaseViewController.xib; sourceTree = "<group>"; };
		91590C561FB7B03B00707A47 /* AthleteSearchResultsViewController.swift */ = {isa = PBXFileReference; lastKnownFileType = sourcecode.swift; path = AthleteSearchResultsViewController.swift; sourceTree = "<group>"; };
		91590C571FB7B03B00707A47 /* AthleteSearchResultsViewController.xib */ = {isa = PBXFileReference; lastKnownFileType = file.xib; path = AthleteSearchResultsViewController.xib; sourceTree = "<group>"; };
		91590C581FB7B03B00707A47 /* AthleteSearchResultsViewPresenter.swift */ = {isa = PBXFileReference; lastKnownFileType = sourcecode.swift; path = AthleteSearchResultsViewPresenter.swift; sourceTree = "<group>"; };
		91590C5E1FB8B8F100707A47 /* SearchTextField.swift */ = {isa = PBXFileReference; lastKnownFileType = sourcecode.swift; path = SearchTextField.swift; sourceTree = "<group>"; };
		91590C621FB8C78100707A47 /* KeyboardAdjustableViewController.swift */ = {isa = PBXFileReference; lastKnownFileType = sourcecode.swift; path = KeyboardAdjustableViewController.swift; sourceTree = "<group>"; };
		91590C641FB8E40C00707A47 /* UIColor+AppTheme.swift */ = {isa = PBXFileReference; lastKnownFileType = sourcecode.swift; path = "UIColor+AppTheme.swift"; sourceTree = "<group>"; };
		91590C661FB8EC4B00707A47 /* ActionButtonInputAccessoryView.swift */ = {isa = PBXFileReference; lastKnownFileType = sourcecode.swift; path = ActionButtonInputAccessoryView.swift; sourceTree = "<group>"; };
		91590C671FB8EC4B00707A47 /* ActionButtonInputAccessoryView.xib */ = {isa = PBXFileReference; lastKnownFileType = file.xib; path = ActionButtonInputAccessoryView.xib; sourceTree = "<group>"; };
		91590C6A1FB8EE7B00707A47 /* UIView+NibLoading.swift */ = {isa = PBXFileReference; lastKnownFileType = sourcecode.swift; path = "UIView+NibLoading.swift"; sourceTree = "<group>"; };
		91590C6C1FB8F15E00707A47 /* RoundedCornerActionButton.swift */ = {isa = PBXFileReference; lastKnownFileType = sourcecode.swift; path = RoundedCornerActionButton.swift; sourceTree = "<group>"; };
		91590C6E1FBA410800707A47 /* AthleteSearchViewPresenterTests.swift */ = {isa = PBXFileReference; lastKnownFileType = sourcecode.swift; path = AthleteSearchViewPresenterTests.swift; sourceTree = "<group>"; };
		91590C711FBA454500707A47 /* MockURLSession.swift */ = {isa = PBXFileReference; lastKnownFileType = sourcecode.swift; path = MockURLSession.swift; sourceTree = "<group>"; };
		917728AC1FC7622F00E6FD8C /* AthleteProfileBestPerformancesView.swift */ = {isa = PBXFileReference; lastKnownFileType = sourcecode.swift; path = AthleteProfileBestPerformancesView.swift; sourceTree = "<group>"; };
		917728AD1FC7622F00E6FD8C /* AthleteProfileBestPerformancesView.xib */ = {isa = PBXFileReference; lastKnownFileType = file.xib; path = AthleteProfileBestPerformancesView.xib; sourceTree = "<group>"; };
		917728B11FC7641A00E6FD8C /* BestPerformancesTableViewCell.swift */ = {isa = PBXFileReference; lastKnownFileType = sourcecode.swift; path = BestPerformancesTableViewCell.swift; sourceTree = "<group>"; };
		917728B21FC7641A00E6FD8C /* BestPerformancesTableViewCell.xib */ = {isa = PBXFileReference; lastKnownFileType = file.xib; path = BestPerformancesTableViewCell.xib; sourceTree = "<group>"; };
		917728B51FD9E0E000E6FD8C /* Athlete.swift */ = {isa = PBXFileReference; lastKnownFileType = sourcecode.swift; path = Athlete.swift; sourceTree = "<group>"; };
		917728B81FD9E4A400E6FD8C /* DataStoreType.swift */ = {isa = PBXFileReference; lastKnownFileType = sourcecode.swift; path = DataStoreType.swift; sourceTree = "<group>"; };
		917728BA1FD9E4AE00E6FD8C /* DataStore.swift */ = {isa = PBXFileReference; lastKnownFileType = sourcecode.swift; path = DataStore.swift; sourceTree = "<group>"; };
		91784FB41FC6C5FA006ADC28 /* RequestAthleteProfileResource.swift */ = {isa = PBXFileReference; lastKnownFileType = sourcecode.swift; path = RequestAthleteProfileResource.swift; sourceTree = "<group>"; };
		91784FB61FC6CADA006ADC28 /* AthleteProfileHTMLParser.swift */ = {isa = PBXFileReference; lastKnownFileType = sourcecode.swift; path = AthleteProfileHTMLParser.swift; sourceTree = "<group>"; };
		91784FB81FC6CFE5006ADC28 /* AthleteProfile.swift */ = {isa = PBXFileReference; lastKnownFileType = sourcecode.swift; path = AthleteProfile.swift; sourceTree = "<group>"; };
		91784FBA1FC6EBEE006ADC28 /* Array+SafeSubscript.swift */ = {isa = PBXFileReference; lastKnownFileType = sourcecode.swift; path = "Array+SafeSubscript.swift"; sourceTree = "<group>"; };
		91784FBD1FC6FB32006ADC28 /* AthleteProfileViewController.swift */ = {isa = PBXFileReference; lastKnownFileType = sourcecode.swift; path = AthleteProfileViewController.swift; sourceTree = "<group>"; };
		91784FBE1FC6FB32006ADC28 /* AthleteProfileViewController.xib */ = {isa = PBXFileReference; lastKnownFileType = file.xib; path = AthleteProfileViewController.xib; sourceTree = "<group>"; };
		91784FBF1FC6FB32006ADC28 /* AthleteProfilePresenter.swift */ = {isa = PBXFileReference; lastKnownFileType = sourcecode.swift; path = AthleteProfilePresenter.swift; sourceTree = "<group>"; };
		917DBC4E1FC723B300E02C2B /* AthleteProfileInformationView.swift */ = {isa = PBXFileReference; lastKnownFileType = sourcecode.swift; path = AthleteProfileInformationView.swift; sourceTree = "<group>"; };
		917DBC4F1FC723B300E02C2B /* AthleteProfileInformationView.xib */ = {isa = PBXFileReference; lastKnownFileType = file.xib; path = AthleteProfileInformationView.xib; sourceTree = "<group>"; };
		919837551FC708A6007E2BA9 /* AthleteProfileToggleView.swift */ = {isa = PBXFileReference; lastKnownFileType = sourcecode.swift; path = AthleteProfileToggleView.swift; sourceTree = "<group>"; };
		919837561FC708A6007E2BA9 /* AthleteProfileToggleView.xib */ = {isa = PBXFileReference; lastKnownFileType = file.xib; path = AthleteProfileToggleView.xib; sourceTree = "<group>"; };
		91A4FCA71FAF48F700D8493D /* FileLoader.swift */ = {isa = PBXFileReference; lastKnownFileType = sourcecode.swift; path = FileLoader.swift; sourceTree = "<group>"; };
		91A4FCAA1FAF498500D8493D /* AthleteSearchListOneAthlete.html */ = {isa = PBXFileReference; fileEncoding = 4; lastKnownFileType = text.html; path = AthleteSearchListOneAthlete.html; sourceTree = "<group>"; };
		91A4FCAC1FAF499800D8493D /* AthleteSearchHTMLParserTests.swift */ = {isa = PBXFileReference; lastKnownFileType = sourcecode.swift; path = AthleteSearchHTMLParserTests.swift; sourceTree = "<group>"; };
		91A4FCAE1FAF598700D8493D /* AthleteSearchHTMLParser.swift */ = {isa = PBXFileReference; lastKnownFileType = sourcecode.swift; path = AthleteSearchHTMLParser.swift; sourceTree = "<group>"; };
		91A4FCB01FAF5FC800D8493D /* AthleteSearchListMultiAthletes.html */ = {isa = PBXFileReference; fileEncoding = 4; lastKnownFileType = text.html; path = AthleteSearchListMultiAthletes.html; sourceTree = "<group>"; };
		91D402551FAF42E70032ED26 /* MyPowerOf10.app */ = {isa = PBXFileReference; explicitFileType = wrapper.application; includeInIndex = 0; path = MyPowerOf10.app; sourceTree = BUILT_PRODUCTS_DIR; };
		91D402581FAF42E70032ED26 /* AppDelegate.swift */ = {isa = PBXFileReference; lastKnownFileType = sourcecode.swift; path = AppDelegate.swift; sourceTree = "<group>"; };
		91D4025F1FAF42E70032ED26 /* Assets.xcassets */ = {isa = PBXFileReference; lastKnownFileType = folder.assetcatalog; path = Assets.xcassets; sourceTree = "<group>"; };
		91D402621FAF42E70032ED26 /* Base */ = {isa = PBXFileReference; lastKnownFileType = file.storyboard; name = Base; path = Base.lproj/LaunchScreen.storyboard; sourceTree = "<group>"; };
		91D402641FAF42E70032ED26 /* Info.plist */ = {isa = PBXFileReference; lastKnownFileType = text.plist.xml; path = Info.plist; sourceTree = "<group>"; };
		91D402691FAF42E70032ED26 /* MyPowerOf10Tests.xctest */ = {isa = PBXFileReference; explicitFileType = wrapper.cfbundle; includeInIndex = 0; path = MyPowerOf10Tests.xctest; sourceTree = BUILT_PRODUCTS_DIR; };
		91D4026F1FAF42E70032ED26 /* Info.plist */ = {isa = PBXFileReference; lastKnownFileType = text.plist.xml; path = Info.plist; sourceTree = "<group>"; };
		91D7F4D41FCD6261008F4A7B /* CollapsableErrorView.swift */ = {isa = PBXFileReference; lastKnownFileType = sourcecode.swift; path = CollapsableErrorView.swift; sourceTree = "<group>"; };
		EA7D2C0B3240167CC8F17864 /* Pods_MyPowerOf10Tests.framework */ = {isa = PBXFileReference; explicitFileType = wrapper.framework; includeInIndex = 0; path = Pods_MyPowerOf10Tests.framework; sourceTree = BUILT_PRODUCTS_DIR; };
		EF562A3277F8F180EB66D8D8 /* Pods-MyPowerOf10Tests.release.xcconfig */ = {isa = PBXFileReference; includeInIndex = 1; lastKnownFileType = text.xcconfig; name = "Pods-MyPowerOf10Tests.release.xcconfig"; path = "Pods/Target Support Files/Pods-MyPowerOf10Tests/Pods-MyPowerOf10Tests.release.xcconfig"; sourceTree = "<group>"; };
		F373C3368A4E4C86BA30CC19 /* Pods-MyPowerOf10Tests.debug.xcconfig */ = {isa = PBXFileReference; includeInIndex = 1; lastKnownFileType = text.xcconfig; name = "Pods-MyPowerOf10Tests.debug.xcconfig"; path = "Pods/Target Support Files/Pods-MyPowerOf10Tests/Pods-MyPowerOf10Tests.debug.xcconfig"; sourceTree = "<group>"; };
/* End PBXFileReference section */

/* Begin PBXFrameworksBuildPhase section */
		91D402521FAF42E70032ED26 /* Frameworks */ = {
			isa = PBXFrameworksBuildPhase;
			buildActionMask = 2147483647;
			files = (
				8119C4AAB35F8E5F9D6F2723 /* Pods_MyPowerOf10.framework in Frameworks */,
			);
			runOnlyForDeploymentPostprocessing = 0;
		};
		91D402661FAF42E70032ED26 /* Frameworks */ = {
			isa = PBXFrameworksBuildPhase;
			buildActionMask = 2147483647;
			files = (
				6A66FDD0FD1E7024421163FE /* Pods_MyPowerOf10Tests.framework in Frameworks */,
			);
			runOnlyForDeploymentPostprocessing = 0;
		};
/* End PBXFrameworksBuildPhase section */

/* Begin PBXGroup section */
		3B47BC82835100AF97FF66AA /* Frameworks */ = {
			isa = PBXGroup;
			children = (
				5CE89C594C42E3E3567F1E97 /* Pods_MyPowerOf10.framework */,
				EA7D2C0B3240167CC8F17864 /* Pods_MyPowerOf10Tests.framework */,
			);
			name = Frameworks;
			sourceTree = "<group>";
		};
		9145A5911FC61AC0000C6EC8 /* AthleteSearchResultTableViewCell */ = {
			isa = PBXGroup;
			children = (
				9145A5921FC61AF9000C6EC8 /* AthleteSearchResultTableViewCell.swift */,
				9145A5931FC61AF9000C6EC8 /* AthleteSearchResultTableViewCell.xib */,
			);
			path = AthleteSearchResultTableViewCell;
			sourceTree = "<group>";
		};
		91499D7D1FAF8DDB0086134E /* Model */ = {
			isa = PBXGroup;
			children = (
				91499D891FB107A30086134E /* Resources */,
				91499D7E1FAF8DEB0086134E /* AthleteResult.swift */,
				91784FB81FC6CFE5006ADC28 /* AthleteProfile.swift */,
				917728B51FD9E0E000E6FD8C /* Athlete.swift */,
			);
			path = Model;
			sourceTree = "<group>";
		};
		91499D801FAF8E480086134E /* Helpers */ = {
			isa = PBXGroup;
			children = (
				917728B71FD9E49400E6FD8C /* DataStore */,
				91499D811FAF8E570086134E /* String+Additions.swift */,
				91590C621FB8C78100707A47 /* KeyboardAdjustableViewController.swift */,
				91590C641FB8E40C00707A47 /* UIColor+AppTheme.swift */,
				91590C6A1FB8EE7B00707A47 /* UIView+NibLoading.swift */,
				9145A5981FC62B6F000C6EC8 /* UIViewController+Additions.swift */,
				9145A59A1FC62F23000C6EC8 /* UIView+Shadow.swift */,
				91784FBA1FC6EBEE006ADC28 /* Array+SafeSubscript.swift */,
			);
			path = Helpers;
			sourceTree = "<group>";
		};
		91499D831FB105550086134E /* Config */ = {
			isa = PBXGroup;
			children = (
				91499D841FB105660086134E /* Config.swift */,
			);
			path = Config;
			sourceTree = "<group>";
		};
		91499D891FB107A30086134E /* Resources */ = {
			isa = PBXGroup;
			children = (
				91499D8A1FB107E40086134E /* SubmitAthleteSearchResource.swift */,
				91784FB41FC6C5FA006ADC28 /* RequestAthleteProfileResource.swift */,
			);
			path = Resources;
			sourceTree = "<group>";
		};
		91590C441FB79C0F00707A47 /* Views */ = {
			isa = PBXGroup;
			children = (
				91590C5D1FB8B8C500707A47 /* Common Views */,
				91590C501FB7A3FC00707A47 /* Base */,
				91784FBC1FC6FAFF006ADC28 /* Athlete Profile */,
				91590C461FB79F5900707A47 /* Athlete Search */,
				91590C551FB7B01900707A47 /* Athlete Search Results */,
			);
			path = Views;
			sourceTree = "<group>";
		};
		91590C451FB79C2B00707A47 /* Navigation */ = {
			isa = PBXGroup;
			children = (
				91590C4E1FB7A0F500707A47 /* AthleteSearchRouter.swift */,
			);
			path = Navigation;
			sourceTree = "<group>";
		};
		91590C461FB79F5900707A47 /* Athlete Search */ = {
			isa = PBXGroup;
			children = (
				91590C471FB79F7600707A47 /* AthleteSearchViewController.swift */,
				91590C481FB79F7600707A47 /* AthleteSearchViewController.xib */,
				91590C491FB79F7600707A47 /* AthleteSearchViewPresenter.swift */,
			);
			path = "Athlete Search";
			sourceTree = "<group>";
		};
		91590C501FB7A3FC00707A47 /* Base */ = {
			isa = PBXGroup;
			children = (
				91590C511FB7A41900707A47 /* BaseViewController.swift */,
				91590C521FB7A41900707A47 /* BaseViewController.xib */,
			);
			path = Base;
			sourceTree = "<group>";
		};
		91590C551FB7B01900707A47 /* Athlete Search Results */ = {
			isa = PBXGroup;
			children = (
				9145A5911FC61AC0000C6EC8 /* AthleteSearchResultTableViewCell */,
				91590C561FB7B03B00707A47 /* AthleteSearchResultsViewController.swift */,
				91590C571FB7B03B00707A47 /* AthleteSearchResultsViewController.xib */,
				91590C581FB7B03B00707A47 /* AthleteSearchResultsViewPresenter.swift */,
			);
			path = "Athlete Search Results";
			sourceTree = "<group>";
		};
		91590C5D1FB8B8C500707A47 /* Common Views */ = {
			isa = PBXGroup;
			children = (
				91590C5E1FB8B8F100707A47 /* SearchTextField.swift */,
				91590C661FB8EC4B00707A47 /* ActionButtonInputAccessoryView.swift */,
				91590C671FB8EC4B00707A47 /* ActionButtonInputAccessoryView.xib */,
				91590C6C1FB8F15E00707A47 /* RoundedCornerActionButton.swift */,
				9145A5961FC625C4000C6EC8 /* GradientView.swift */,
				91D7F4D41FCD6261008F4A7B /* CollapsableErrorView.swift */,
			);
			path = "Common Views";
			sourceTree = "<group>";
		};
		91590C701FBA453600707A47 /* Helpers */ = {
			isa = PBXGroup;
			children = (
				91590C711FBA454500707A47 /* MockURLSession.swift */,
			);
			path = Helpers;
			sourceTree = "<group>";
		};
		916F3FDE1FAF462B00D36B2D /* HTML Parsers */ = {
			isa = PBXGroup;
			children = (
				91A4FCAE1FAF598700D8493D /* AthleteSearchHTMLParser.swift */,
				91784FB61FC6CADA006ADC28 /* AthleteProfileHTMLParser.swift */,
			);
			path = "HTML Parsers";
			sourceTree = "<group>";
		};
		917728AB1FC7618800E6FD8C /* AthleteProfileBestPerformancesView */ = {
			isa = PBXGroup;
			children = (
				917728B01FC763F700E6FD8C /* BestPerformancesCell */,
				917728AC1FC7622F00E6FD8C /* AthleteProfileBestPerformancesView.swift */,
				917728AD1FC7622F00E6FD8C /* AthleteProfileBestPerformancesView.xib */,
			);
			path = AthleteProfileBestPerformancesView;
			sourceTree = "<group>";
		};
		917728B01FC763F700E6FD8C /* BestPerformancesCell */ = {
			isa = PBXGroup;
			children = (
				917728B11FC7641A00E6FD8C /* BestPerformancesTableViewCell.swift */,
				917728B21FC7641A00E6FD8C /* BestPerformancesTableViewCell.xib */,
			);
			path = BestPerformancesCell;
			sourceTree = "<group>";
		};
		917728B71FD9E49400E6FD8C /* DataStore */ = {
			isa = PBXGroup;
			children = (
				917728B81FD9E4A400E6FD8C /* DataStoreType.swift */,
				917728BA1FD9E4AE00E6FD8C /* DataStore.swift */,
			);
			path = DataStore;
			sourceTree = "<group>";
		};
		91784FBC1FC6FAFF006ADC28 /* Athlete Profile */ = {
			isa = PBXGroup;
			children = (
				917728AB1FC7618800E6FD8C /* AthleteProfileBestPerformancesView */,
				917DBC4D1FC7239700E02C2B /* AthleteProfileInformationView */,
				919837541FC70887007E2BA9 /* AthleteProfileToggleView */,
				91784FBD1FC6FB32006ADC28 /* AthleteProfileViewController.swift */,
				91784FBE1FC6FB32006ADC28 /* AthleteProfileViewController.xib */,
				91784FBF1FC6FB32006ADC28 /* AthleteProfilePresenter.swift */,
			);
			path = "Athlete Profile";
			sourceTree = "<group>";
		};
		917DBC4D1FC7239700E02C2B /* AthleteProfileInformationView */ = {
			isa = PBXGroup;
			children = (
				917DBC4E1FC723B300E02C2B /* AthleteProfileInformationView.swift */,
				917DBC4F1FC723B300E02C2B /* AthleteProfileInformationView.xib */,
			);
			path = AthleteProfileInformationView;
			sourceTree = "<group>";
		};
		919837541FC70887007E2BA9 /* AthleteProfileToggleView */ = {
			isa = PBXGroup;
			children = (
				919837551FC708A6007E2BA9 /* AthleteProfileToggleView.swift */,
				919837561FC708A6007E2BA9 /* AthleteProfileToggleView.xib */,
			);
			path = AthleteProfileToggleView;
			sourceTree = "<group>";
		};
		91A4FCA61FAF489800D8493D /* HTML Parsers */ = {
			isa = PBXGroup;
			children = (
				91A4FCA91FAF491E00D8493D /* HTML Files */,
				91A4FCA71FAF48F700D8493D /* FileLoader.swift */,
				91A4FCAC1FAF499800D8493D /* AthleteSearchHTMLParserTests.swift */,
			);
			path = "HTML Parsers";
			sourceTree = "<group>";
		};
		91A4FCA91FAF491E00D8493D /* HTML Files */ = {
			isa = PBXGroup;
			children = (
				91A4FCAA1FAF498500D8493D /* AthleteSearchListOneAthlete.html */,
				91A4FCB01FAF5FC800D8493D /* AthleteSearchListMultiAthletes.html */,
			);
			path = "HTML Files";
			sourceTree = "<group>";
		};
		91D4024C1FAF42E70032ED26 = {
			isa = PBXGroup;
			children = (
				91D402571FAF42E70032ED26 /* MyPowerOf10 */,
				91D4026C1FAF42E70032ED26 /* MyPowerOf10Tests */,
				91D402561FAF42E70032ED26 /* Products */,
				C88D9DC543D12B39FAF4F910 /* Pods */,
				3B47BC82835100AF97FF66AA /* Frameworks */,
			);
			sourceTree = "<group>";
			usesTabs = 0;
		};
		91D402561FAF42E70032ED26 /* Products */ = {
			isa = PBXGroup;
			children = (
				91D402551FAF42E70032ED26 /* MyPowerOf10.app */,
				91D402691FAF42E70032ED26 /* MyPowerOf10Tests.xctest */,
			);
			name = Products;
			sourceTree = "<group>";
		};
		91D402571FAF42E70032ED26 /* MyPowerOf10 */ = {
			isa = PBXGroup;
			children = (
				91499D831FB105550086134E /* Config */,
				91499D801FAF8E480086134E /* Helpers */,
				91590C451FB79C2B00707A47 /* Navigation */,
				91590C441FB79C0F00707A47 /* Views */,
				91499D7D1FAF8DDB0086134E /* Model */,
				916F3FDE1FAF462B00D36B2D /* HTML Parsers */,
				91D402581FAF42E70032ED26 /* AppDelegate.swift */,
				91D4025F1FAF42E70032ED26 /* Assets.xcassets */,
				91D402611FAF42E70032ED26 /* LaunchScreen.storyboard */,
				91D402641FAF42E70032ED26 /* Info.plist */,
			);
			path = MyPowerOf10;
			sourceTree = "<group>";
		};
		91D4026C1FAF42E70032ED26 /* MyPowerOf10Tests */ = {
			isa = PBXGroup;
			children = (
				91590C701FBA453600707A47 /* Helpers */,
				91A4FCA61FAF489800D8493D /* HTML Parsers */,
				91D4026F1FAF42E70032ED26 /* Info.plist */,
				91590C6E1FBA410800707A47 /* AthleteSearchViewPresenterTests.swift */,
			);
			path = MyPowerOf10Tests;
			sourceTree = "<group>";
		};
		C88D9DC543D12B39FAF4F910 /* Pods */ = {
			isa = PBXGroup;
			children = (
				2B9A26B7E92130898935AA16 /* Pods-MyPowerOf10.debug.xcconfig */,
				2FE05CB57D473338CB361414 /* Pods-MyPowerOf10.release.xcconfig */,
				F373C3368A4E4C86BA30CC19 /* Pods-MyPowerOf10Tests.debug.xcconfig */,
				EF562A3277F8F180EB66D8D8 /* Pods-MyPowerOf10Tests.release.xcconfig */,
			);
			name = Pods;
			sourceTree = "<group>";
		};
/* End PBXGroup section */

/* Begin PBXNativeTarget section */
		91D402541FAF42E70032ED26 /* MyPowerOf10 */ = {
			isa = PBXNativeTarget;
			buildConfigurationList = 91D402721FAF42E70032ED26 /* Build configuration list for PBXNativeTarget "MyPowerOf10" */;
			buildPhases = (
				2D95BE3AA4D207853FB77BBE /* [CP] Check Pods Manifest.lock */,
				91D402511FAF42E70032ED26 /* Sources */,
				91D402521FAF42E70032ED26 /* Frameworks */,
				91D402531FAF42E70032ED26 /* Resources */,
				9ED2F0E507C39688DA1DDEBD /* [CP] Embed Pods Frameworks */,
				66540541F42F178D54A792D0 /* [CP] Copy Pods Resources */,
			);
			buildRules = (
			);
			dependencies = (
			);
			name = MyPowerOf10;
			productName = MyPowerOf10;
			productReference = 91D402551FAF42E70032ED26 /* MyPowerOf10.app */;
			productType = "com.apple.product-type.application";
		};
		91D402681FAF42E70032ED26 /* MyPowerOf10Tests */ = {
			isa = PBXNativeTarget;
			buildConfigurationList = 91D402751FAF42E70032ED26 /* Build configuration list for PBXNativeTarget "MyPowerOf10Tests" */;
			buildPhases = (
				17F1589580AD66AECD23158F /* [CP] Check Pods Manifest.lock */,
				91D402651FAF42E70032ED26 /* Sources */,
				91D402661FAF42E70032ED26 /* Frameworks */,
				91D402671FAF42E70032ED26 /* Resources */,
				71779B7704FF200D7E8D39AE /* [CP] Embed Pods Frameworks */,
				B2EAAA4B55DE7CB3D3783F02 /* [CP] Copy Pods Resources */,
			);
			buildRules = (
			);
			dependencies = (
				91D4026B1FAF42E70032ED26 /* PBXTargetDependency */,
			);
			name = MyPowerOf10Tests;
			productName = MyPowerOf10Tests;
			productReference = 91D402691FAF42E70032ED26 /* MyPowerOf10Tests.xctest */;
			productType = "com.apple.product-type.bundle.unit-test";
		};
/* End PBXNativeTarget section */

/* Begin PBXProject section */
		91D4024D1FAF42E70032ED26 /* Project object */ = {
			isa = PBXProject;
			attributes = {
				LastSwiftUpdateCheck = 0900;
				LastUpgradeCheck = 0900;
				ORGANIZATIONNAME = JohnSanderson;
				TargetAttributes = {
					91D402541FAF42E70032ED26 = {
						CreatedOnToolsVersion = 9.0.1;
						ProvisioningStyle = Manual;
					};
					91D402681FAF42E70032ED26 = {
						CreatedOnToolsVersion = 9.0.1;
						ProvisioningStyle = Automatic;
						TestTargetID = 91D402541FAF42E70032ED26;
					};
				};
			};
			buildConfigurationList = 91D402501FAF42E70032ED26 /* Build configuration list for PBXProject "MyPowerOf10" */;
			compatibilityVersion = "Xcode 8.0";
			developmentRegion = en;
			hasScannedForEncodings = 0;
			knownRegions = (
				en,
				Base,
			);
			mainGroup = 91D4024C1FAF42E70032ED26;
			productRefGroup = 91D402561FAF42E70032ED26 /* Products */;
			projectDirPath = "";
			projectRoot = "";
			targets = (
				91D402541FAF42E70032ED26 /* MyPowerOf10 */,
				91D402681FAF42E70032ED26 /* MyPowerOf10Tests */,
			);
		};
/* End PBXProject section */

/* Begin PBXResourcesBuildPhase section */
		91D402531FAF42E70032ED26 /* Resources */ = {
			isa = PBXResourcesBuildPhase;
			buildActionMask = 2147483647;
			files = (
				919837581FC708A6007E2BA9 /* AthleteProfileToggleView.xib in Resources */,
				91784FC11FC6FB32006ADC28 /* AthleteProfileViewController.xib in Resources */,
				91590C691FB8EC4B00707A47 /* ActionButtonInputAccessoryView.xib in Resources */,
				917728AF1FC7622F00E6FD8C /* AthleteProfileBestPerformancesView.xib in Resources */,
				917DBC511FC723B300E02C2B /* AthleteProfileInformationView.xib in Resources */,
				91590C4B1FB79F7600707A47 /* AthleteSearchViewController.xib in Resources */,
				91590C541FB7A41900707A47 /* BaseViewController.xib in Resources */,
				91D402631FAF42E70032ED26 /* LaunchScreen.storyboard in Resources */,
				917728B41FC7641A00E6FD8C /* BestPerformancesTableViewCell.xib in Resources */,
				91D402601FAF42E70032ED26 /* Assets.xcassets in Resources */,
				9145A5951FC61AF9000C6EC8 /* AthleteSearchResultTableViewCell.xib in Resources */,
				91590C5A1FB7B03B00707A47 /* AthleteSearchResultsViewController.xib in Resources */,
			);
			runOnlyForDeploymentPostprocessing = 0;
		};
		91D402671FAF42E70032ED26 /* Resources */ = {
			isa = PBXResourcesBuildPhase;
			buildActionMask = 2147483647;
			files = (
				91A4FCB11FAF5FC800D8493D /* AthleteSearchListMultiAthletes.html in Resources */,
				91A4FCAB1FAF498500D8493D /* AthleteSearchListOneAthlete.html in Resources */,
			);
			runOnlyForDeploymentPostprocessing = 0;
		};
/* End PBXResourcesBuildPhase section */

/* Begin PBXShellScriptBuildPhase section */
		17F1589580AD66AECD23158F /* [CP] Check Pods Manifest.lock */ = {
			isa = PBXShellScriptBuildPhase;
			buildActionMask = 2147483647;
			files = (
			);
			inputPaths = (
				"${PODS_PODFILE_DIR_PATH}/Podfile.lock",
				"${PODS_ROOT}/Manifest.lock",
			);
			name = "[CP] Check Pods Manifest.lock";
			outputPaths = (
				"$(DERIVED_FILE_DIR)/Pods-MyPowerOf10Tests-checkManifestLockResult.txt",
			);
			runOnlyForDeploymentPostprocessing = 0;
			shellPath = /bin/sh;
			shellScript = "diff \"${PODS_PODFILE_DIR_PATH}/Podfile.lock\" \"${PODS_ROOT}/Manifest.lock\" > /dev/null\nif [ $? != 0 ] ; then\n    # print error to STDERR\n    echo \"error: The sandbox is not in sync with the Podfile.lock. Run 'pod install' or update your CocoaPods installation.\" >&2\n    exit 1\nfi\n# This output is used by Xcode 'outputs' to avoid re-running this script phase.\necho \"SUCCESS\" > \"${SCRIPT_OUTPUT_FILE_0}\"\n";
			showEnvVarsInLog = 0;
		};
		2D95BE3AA4D207853FB77BBE /* [CP] Check Pods Manifest.lock */ = {
			isa = PBXShellScriptBuildPhase;
			buildActionMask = 2147483647;
			files = (
			);
			inputPaths = (
				"${PODS_PODFILE_DIR_PATH}/Podfile.lock",
				"${PODS_ROOT}/Manifest.lock",
			);
			name = "[CP] Check Pods Manifest.lock";
			outputPaths = (
				"$(DERIVED_FILE_DIR)/Pods-MyPowerOf10-checkManifestLockResult.txt",
			);
			runOnlyForDeploymentPostprocessing = 0;
			shellPath = /bin/sh;
			shellScript = "diff \"${PODS_PODFILE_DIR_PATH}/Podfile.lock\" \"${PODS_ROOT}/Manifest.lock\" > /dev/null\nif [ $? != 0 ] ; then\n    # print error to STDERR\n    echo \"error: The sandbox is not in sync with the Podfile.lock. Run 'pod install' or update your CocoaPods installation.\" >&2\n    exit 1\nfi\n# This output is used by Xcode 'outputs' to avoid re-running this script phase.\necho \"SUCCESS\" > \"${SCRIPT_OUTPUT_FILE_0}\"\n";
			showEnvVarsInLog = 0;
		};
		66540541F42F178D54A792D0 /* [CP] Copy Pods Resources */ = {
			isa = PBXShellScriptBuildPhase;
			buildActionMask = 2147483647;
			files = (
			);
			inputPaths = (
			);
			name = "[CP] Copy Pods Resources";
			outputPaths = (
			);
			runOnlyForDeploymentPostprocessing = 0;
			shellPath = /bin/sh;
			shellScript = "\"${SRCROOT}/Pods/Target Support Files/Pods-MyPowerOf10/Pods-MyPowerOf10-resources.sh\"\n";
			showEnvVarsInLog = 0;
		};
		71779B7704FF200D7E8D39AE /* [CP] Embed Pods Frameworks */ = {
			isa = PBXShellScriptBuildPhase;
			buildActionMask = 2147483647;
			files = (
			);
			inputPaths = (
			);
			name = "[CP] Embed Pods Frameworks";
			outputPaths = (
			);
			runOnlyForDeploymentPostprocessing = 0;
			shellPath = /bin/sh;
			shellScript = "\"${SRCROOT}/Pods/Target Support Files/Pods-MyPowerOf10Tests/Pods-MyPowerOf10Tests-frameworks.sh\"\n";
			showEnvVarsInLog = 0;
		};
		9ED2F0E507C39688DA1DDEBD /* [CP] Embed Pods Frameworks */ = {
			isa = PBXShellScriptBuildPhase;
			buildActionMask = 2147483647;
			files = (
			);
			inputPaths = (
				"${SRCROOT}/Pods/Target Support Files/Pods-MyPowerOf10/Pods-MyPowerOf10-frameworks.sh",
				"${BUILT_PRODUCTS_DIR}/Kanna/Kanna.framework",
				"${BUILT_PRODUCTS_DIR}/TABResourceLoader/TABResourceLoader.framework",
			);
			name = "[CP] Embed Pods Frameworks";
			outputPaths = (
				"${TARGET_BUILD_DIR}/${FRAMEWORKS_FOLDER_PATH}/Kanna.framework",
				"${TARGET_BUILD_DIR}/${FRAMEWORKS_FOLDER_PATH}/TABResourceLoader.framework",
			);
			runOnlyForDeploymentPostprocessing = 0;
			shellPath = /bin/sh;
			shellScript = "\"${SRCROOT}/Pods/Target Support Files/Pods-MyPowerOf10/Pods-MyPowerOf10-frameworks.sh\"\n";
			showEnvVarsInLog = 0;
		};
		B2EAAA4B55DE7CB3D3783F02 /* [CP] Copy Pods Resources */ = {
			isa = PBXShellScriptBuildPhase;
			buildActionMask = 2147483647;
			files = (
			);
			inputPaths = (
			);
			name = "[CP] Copy Pods Resources";
			outputPaths = (
			);
			runOnlyForDeploymentPostprocessing = 0;
			shellPath = /bin/sh;
			shellScript = "\"${SRCROOT}/Pods/Target Support Files/Pods-MyPowerOf10Tests/Pods-MyPowerOf10Tests-resources.sh\"\n";
			showEnvVarsInLog = 0;
		};
/* End PBXShellScriptBuildPhase section */

/* Begin PBXSourcesBuildPhase section */
		91D402511FAF42E70032ED26 /* Sources */ = {
			isa = PBXSourcesBuildPhase;
			buildActionMask = 2147483647;
			files = (
				91590C631FB8C78100707A47 /* KeyboardAdjustableViewController.swift in Sources */,
				91590C4F1FB7A0F500707A47 /* AthleteSearchRouter.swift in Sources */,
				9145A5971FC625C4000C6EC8 /* GradientView.swift in Sources */,
				91784FB71FC6CADA006ADC28 /* AthleteProfileHTMLParser.swift in Sources */,
				91784FB91FC6CFE5006ADC28 /* AthleteProfile.swift in Sources */,
				91590C6B1FB8EE7B00707A47 /* UIView+NibLoading.swift in Sources */,
				91784FBB1FC6EBEE006ADC28 /* Array+SafeSubscript.swift in Sources */,
				9145A59B1FC62F23000C6EC8 /* UIView+Shadow.swift in Sources */,
				91784FC21FC6FB32006ADC28 /* AthleteProfilePresenter.swift in Sources */,
				91590C651FB8E40C00707A47 /* UIColor+AppTheme.swift in Sources */,
				91499D7F1FAF8DEB0086134E /* AthleteResult.swift in Sources */,
				91590C531FB7A41900707A47 /* BaseViewController.swift in Sources */,
				917728B91FD9E4A400E6FD8C /* DataStoreType.swift in Sources */,
				91590C591FB7B03B00707A47 /* AthleteSearchResultsViewController.swift in Sources */,
				9145A5991FC62B6F000C6EC8 /* UIViewController+Additions.swift in Sources */,
				91784FC01FC6FB32006ADC28 /* AthleteProfileViewController.swift in Sources */,
				919837571FC708A6007E2BA9 /* AthleteProfileToggleView.swift in Sources */,
				91590C5B1FB7B03B00707A47 /* AthleteSearchResultsViewPresenter.swift in Sources */,
				91499D821FAF8E570086134E /* String+Additions.swift in Sources */,
				91590C681FB8EC4B00707A47 /* ActionButtonInputAccessoryView.swift in Sources */,
				91D402591FAF42E70032ED26 /* AppDelegate.swift in Sources */,
				917728B31FC7641A00E6FD8C /* BestPerformancesTableViewCell.swift in Sources */,
				91A4FCAF1FAF598700D8493D /* AthleteSearchHTMLParser.swift in Sources */,
				91499D851FB105660086134E /* Config.swift in Sources */,
				91D7F4D51FCD6261008F4A7B /* CollapsableErrorView.swift in Sources */,
				917728BB1FD9E4AE00E6FD8C /* DataStore.swift in Sources */,
				917728AE1FC7622F00E6FD8C /* AthleteProfileBestPerformancesView.swift in Sources */,
				91784FB51FC6C5FA006ADC28 /* RequestAthleteProfileResource.swift in Sources */,
				9145A5941FC61AF9000C6EC8 /* AthleteSearchResultTableViewCell.swift in Sources */,
				91590C4A1FB79F7600707A47 /* AthleteSearchViewController.swift in Sources */,
				91590C4C1FB79F7600707A47 /* AthleteSearchViewPresenter.swift in Sources */,
				91499D8B1FB107E40086134E /* SubmitAthleteSearchResource.swift in Sources */,
				91590C6D1FB8F15E00707A47 /* RoundedCornerActionButton.swift in Sources */,
				917728B61FD9E0E000E6FD8C /* Athlete.swift in Sources */,
				91590C601FB8B8F100707A47 /* SearchTextField.swift in Sources */,
				917DBC501FC723B300E02C2B /* AthleteProfileInformationView.swift in Sources */,
			);
			runOnlyForDeploymentPostprocessing = 0;
		};
		91D402651FAF42E70032ED26 /* Sources */ = {
			isa = PBXSourcesBuildPhase;
			buildActionMask = 2147483647;
			files = (
				91590C721FBA454500707A47 /* MockURLSession.swift in Sources */,
				91A4FCAD1FAF499800D8493D /* AthleteSearchHTMLParserTests.swift in Sources */,
				91590C6F1FBA410800707A47 /* AthleteSearchViewPresenterTests.swift in Sources */,
				91A4FCA81FAF48F700D8493D /* FileLoader.swift in Sources */,
			);
			runOnlyForDeploymentPostprocessing = 0;
		};
/* End PBXSourcesBuildPhase section */

/* Begin PBXTargetDependency section */
		91D4026B1FAF42E70032ED26 /* PBXTargetDependency */ = {
			isa = PBXTargetDependency;
			target = 91D402541FAF42E70032ED26 /* MyPowerOf10 */;
			targetProxy = 91D4026A1FAF42E70032ED26 /* PBXContainerItemProxy */;
		};
/* End PBXTargetDependency section */

/* Begin PBXVariantGroup section */
		91D402611FAF42E70032ED26 /* LaunchScreen.storyboard */ = {
			isa = PBXVariantGroup;
			children = (
				91D402621FAF42E70032ED26 /* Base */,
			);
			name = LaunchScreen.storyboard;
			sourceTree = "<group>";
		};
/* End PBXVariantGroup section */

/* Begin XCBuildConfiguration section */
		91D402701FAF42E70032ED26 /* Debug */ = {
			isa = XCBuildConfiguration;
			buildSettings = {
				ALWAYS_SEARCH_USER_PATHS = NO;
				CLANG_ANALYZER_NONNULL = YES;
				CLANG_ANALYZER_NUMBER_OBJECT_CONVERSION = YES_AGGRESSIVE;
				CLANG_CXX_LANGUAGE_STANDARD = "gnu++14";
				CLANG_CXX_LIBRARY = "libc++";
				CLANG_ENABLE_MODULES = YES;
				CLANG_ENABLE_OBJC_ARC = YES;
				CLANG_WARN_BLOCK_CAPTURE_AUTORELEASING = YES;
				CLANG_WARN_BOOL_CONVERSION = YES;
				CLANG_WARN_COMMA = YES;
				CLANG_WARN_CONSTANT_CONVERSION = YES;
				CLANG_WARN_DIRECT_OBJC_ISA_USAGE = YES_ERROR;
				CLANG_WARN_DOCUMENTATION_COMMENTS = YES;
				CLANG_WARN_EMPTY_BODY = YES;
				CLANG_WARN_ENUM_CONVERSION = YES;
				CLANG_WARN_INFINITE_RECURSION = YES;
				CLANG_WARN_INT_CONVERSION = YES;
				CLANG_WARN_NON_LITERAL_NULL_CONVERSION = YES;
				CLANG_WARN_OBJC_LITERAL_CONVERSION = YES;
				CLANG_WARN_OBJC_ROOT_CLASS = YES_ERROR;
				CLANG_WARN_RANGE_LOOP_ANALYSIS = YES;
				CLANG_WARN_STRICT_PROTOTYPES = YES;
				CLANG_WARN_SUSPICIOUS_MOVE = YES;
				CLANG_WARN_UNGUARDED_AVAILABILITY = YES_AGGRESSIVE;
				CLANG_WARN_UNREACHABLE_CODE = YES;
				CLANG_WARN__DUPLICATE_METHOD_MATCH = YES;
				CODE_SIGN_IDENTITY = "iPhone Developer";
				COPY_PHASE_STRIP = NO;
				DEBUG_INFORMATION_FORMAT = dwarf;
				ENABLE_STRICT_OBJC_MSGSEND = YES;
				ENABLE_TESTABILITY = YES;
				GCC_C_LANGUAGE_STANDARD = gnu11;
				GCC_DYNAMIC_NO_PIC = NO;
				GCC_NO_COMMON_BLOCKS = YES;
				GCC_OPTIMIZATION_LEVEL = 0;
				GCC_PREPROCESSOR_DEFINITIONS = (
					"DEBUG=1",
					"$(inherited)",
				);
				GCC_WARN_64_TO_32_BIT_CONVERSION = YES;
				GCC_WARN_ABOUT_RETURN_TYPE = YES_ERROR;
				GCC_WARN_UNDECLARED_SELECTOR = YES;
				GCC_WARN_UNINITIALIZED_AUTOS = YES_AGGRESSIVE;
				GCC_WARN_UNUSED_FUNCTION = YES;
				GCC_WARN_UNUSED_VARIABLE = YES;
				IPHONEOS_DEPLOYMENT_TARGET = 11.0;
				MTL_ENABLE_DEBUG_INFO = YES;
				ONLY_ACTIVE_ARCH = YES;
				SDKROOT = iphoneos;
				SWIFT_ACTIVE_COMPILATION_CONDITIONS = DEBUG;
				SWIFT_OPTIMIZATION_LEVEL = "-Onone";
			};
			name = Debug;
		};
		91D402711FAF42E70032ED26 /* Release */ = {
			isa = XCBuildConfiguration;
			buildSettings = {
				ALWAYS_SEARCH_USER_PATHS = NO;
				CLANG_ANALYZER_NONNULL = YES;
				CLANG_ANALYZER_NUMBER_OBJECT_CONVERSION = YES_AGGRESSIVE;
				CLANG_CXX_LANGUAGE_STANDARD = "gnu++14";
				CLANG_CXX_LIBRARY = "libc++";
				CLANG_ENABLE_MODULES = YES;
				CLANG_ENABLE_OBJC_ARC = YES;
				CLANG_WARN_BLOCK_CAPTURE_AUTORELEASING = YES;
				CLANG_WARN_BOOL_CONVERSION = YES;
				CLANG_WARN_COMMA = YES;
				CLANG_WARN_CONSTANT_CONVERSION = YES;
				CLANG_WARN_DIRECT_OBJC_ISA_USAGE = YES_ERROR;
				CLANG_WARN_DOCUMENTATION_COMMENTS = YES;
				CLANG_WARN_EMPTY_BODY = YES;
				CLANG_WARN_ENUM_CONVERSION = YES;
				CLANG_WARN_INFINITE_RECURSION = YES;
				CLANG_WARN_INT_CONVERSION = YES;
				CLANG_WARN_NON_LITERAL_NULL_CONVERSION = YES;
				CLANG_WARN_OBJC_LITERAL_CONVERSION = YES;
				CLANG_WARN_OBJC_ROOT_CLASS = YES_ERROR;
				CLANG_WARN_RANGE_LOOP_ANALYSIS = YES;
				CLANG_WARN_STRICT_PROTOTYPES = YES;
				CLANG_WARN_SUSPICIOUS_MOVE = YES;
				CLANG_WARN_UNGUARDED_AVAILABILITY = YES_AGGRESSIVE;
				CLANG_WARN_UNREACHABLE_CODE = YES;
				CLANG_WARN__DUPLICATE_METHOD_MATCH = YES;
				CODE_SIGN_IDENTITY = "iPhone Developer";
				COPY_PHASE_STRIP = NO;
				DEBUG_INFORMATION_FORMAT = "dwarf-with-dsym";
				ENABLE_NS_ASSERTIONS = NO;
				ENABLE_STRICT_OBJC_MSGSEND = YES;
				GCC_C_LANGUAGE_STANDARD = gnu11;
				GCC_NO_COMMON_BLOCKS = YES;
				GCC_WARN_64_TO_32_BIT_CONVERSION = YES;
				GCC_WARN_ABOUT_RETURN_TYPE = YES_ERROR;
				GCC_WARN_UNDECLARED_SELECTOR = YES;
				GCC_WARN_UNINITIALIZED_AUTOS = YES_AGGRESSIVE;
				GCC_WARN_UNUSED_FUNCTION = YES;
				GCC_WARN_UNUSED_VARIABLE = YES;
				IPHONEOS_DEPLOYMENT_TARGET = 11.0;
				MTL_ENABLE_DEBUG_INFO = NO;
				SDKROOT = iphoneos;
				SWIFT_OPTIMIZATION_LEVEL = "-Owholemodule";
				VALIDATE_PRODUCT = YES;
			};
			name = Release;
		};
		91D402731FAF42E70032ED26 /* Debug */ = {
			isa = XCBuildConfiguration;
			baseConfigurationReference = 2B9A26B7E92130898935AA16 /* Pods-MyPowerOf10.debug.xcconfig */;
			buildSettings = {
				ASSETCATALOG_COMPILER_APPICON_NAME = AppIcon;
				"CODE_SIGN_IDENTITY[sdk=iphoneos*]" = "iPhone Developer";
				CODE_SIGN_STYLE = Manual;
				DEVELOPMENT_TEAM = VG9R2N57GC;
				INFOPLIST_FILE = MyPowerOf10/Info.plist;
				IPHONEOS_DEPLOYMENT_TARGET = 10.0;
				LD_RUNPATH_SEARCH_PATHS = "$(inherited) @executable_path/Frameworks";
				PRODUCT_BUNDLE_IDENTIFIER = JohnSanderson.MyPowerOf10;
				PRODUCT_NAME = "$(TARGET_NAME)";
				PROVISIONING_PROFILE = "6f30626a-207b-4110-aaf0-7e57a851f025";
				PROVISIONING_PROFILE_SPECIFIER = "Wildcard Development Profile";
				SWIFT_VERSION = 4.0;
				TARGETED_DEVICE_FAMILY = "1,2";
			};
			name = Debug;
		};
		91D402741FAF42E70032ED26 /* Release */ = {
			isa = XCBuildConfiguration;
			baseConfigurationReference = 2FE05CB57D473338CB361414 /* Pods-MyPowerOf10.release.xcconfig */;
			buildSettings = {
				ASSETCATALOG_COMPILER_APPICON_NAME = AppIcon;
				"CODE_SIGN_IDENTITY[sdk=iphoneos*]" = "iPhone Developer";
				CODE_SIGN_STYLE = Manual;
				DEVELOPMENT_TEAM = VG9R2N57GC;
				INFOPLIST_FILE = MyPowerOf10/Info.plist;
				IPHONEOS_DEPLOYMENT_TARGET = 10.0;
				LD_RUNPATH_SEARCH_PATHS = "$(inherited) @executable_path/Frameworks";
				PRODUCT_BUNDLE_IDENTIFIER = JohnSanderson.MyPowerOf10;
				PRODUCT_NAME = "$(TARGET_NAME)";
				PROVISIONING_PROFILE = "6f30626a-207b-4110-aaf0-7e57a851f025";
				PROVISIONING_PROFILE_SPECIFIER = "Wildcard Development Profile";
				SWIFT_VERSION = 4.0;
				TARGETED_DEVICE_FAMILY = "1,2";
			};
			name = Release;
		};
		91D402761FAF42E70032ED26 /* Debug */ = {
			isa = XCBuildConfiguration;
			baseConfigurationReference = F373C3368A4E4C86BA30CC19 /* Pods-MyPowerOf10Tests.debug.xcconfig */;
			buildSettings = {
				ALWAYS_EMBED_SWIFT_STANDARD_LIBRARIES = YES;
				BUNDLE_LOADER = "$(TEST_HOST)";
				CODE_SIGN_STYLE = Automatic;
				DEVELOPMENT_TEAM = CLW6A52232;
				INFOPLIST_FILE = MyPowerOf10Tests/Info.plist;
				LD_RUNPATH_SEARCH_PATHS = "$(inherited) @executable_path/Frameworks @loader_path/Frameworks";
				PRODUCT_BUNDLE_IDENTIFIER = JohnSanderson.MyPowerOf10Tests;
				PRODUCT_NAME = "$(TARGET_NAME)";
				SWIFT_VERSION = 4.0;
				TARGETED_DEVICE_FAMILY = "1,2";
				TEST_HOST = "$(BUILT_PRODUCTS_DIR)/MyPowerOf10.app/MyPowerOf10";
			};
			name = Debug;
		};
		91D402771FAF42E70032ED26 /* Release */ = {
			isa = XCBuildConfiguration;
			baseConfigurationReference = EF562A3277F8F180EB66D8D8 /* Pods-MyPowerOf10Tests.release.xcconfig */;
			buildSettings = {
				ALWAYS_EMBED_SWIFT_STANDARD_LIBRARIES = YES;
				BUNDLE_LOADER = "$(TEST_HOST)";
				CODE_SIGN_STYLE = Automatic;
				DEVELOPMENT_TEAM = CLW6A52232;
				INFOPLIST_FILE = MyPowerOf10Tests/Info.plist;
				LD_RUNPATH_SEARCH_PATHS = "$(inherited) @executable_path/Frameworks @loader_path/Frameworks";
				PRODUCT_BUNDLE_IDENTIFIER = JohnSanderson.MyPowerOf10Tests;
				PRODUCT_NAME = "$(TARGET_NAME)";
				SWIFT_VERSION = 4.0;
				TARGETED_DEVICE_FAMILY = "1,2";
				TEST_HOST = "$(BUILT_PRODUCTS_DIR)/MyPowerOf10.app/MyPowerOf10";
			};
			name = Release;
		};
/* End XCBuildConfiguration section */

/* Begin XCConfigurationList section */
		91D402501FAF42E70032ED26 /* Build configuration list for PBXProject "MyPowerOf10" */ = {
			isa = XCConfigurationList;
			buildConfigurations = (
				91D402701FAF42E70032ED26 /* Debug */,
				91D402711FAF42E70032ED26 /* Release */,
			);
			defaultConfigurationIsVisible = 0;
			defaultConfigurationName = Release;
		};
		91D402721FAF42E70032ED26 /* Build configuration list for PBXNativeTarget "MyPowerOf10" */ = {
			isa = XCConfigurationList;
			buildConfigurations = (
				91D402731FAF42E70032ED26 /* Debug */,
				91D402741FAF42E70032ED26 /* Release */,
			);
			defaultConfigurationIsVisible = 0;
			defaultConfigurationName = Release;
		};
		91D402751FAF42E70032ED26 /* Build configuration list for PBXNativeTarget "MyPowerOf10Tests" */ = {
			isa = XCConfigurationList;
			buildConfigurations = (
				91D402761FAF42E70032ED26 /* Debug */,
				91D402771FAF42E70032ED26 /* Release */,
			);
			defaultConfigurationIsVisible = 0;
			defaultConfigurationName = Release;
		};
/* End XCConfigurationList section */
	};
	rootObject = 91D4024D1FAF42E70032ED26 /* Project object */;
}
