// !$*UTF8*$!
{
	archiveVersion = 1;
	classes = {
	};
	objectVersion = 48;
	objects = {

/* Begin PBXBuildFile section */
		6A66FDD0FD1E7024421163FE /* Pods_MyPowerOf10Tests.framework in Frameworks */ = {isa = PBXBuildFile; fileRef = EA7D2C0B3240167CC8F17864 /* Pods_MyPowerOf10Tests.framework */; };
		8119C4AAB35F8E5F9D6F2723 /* Pods_MyPowerOf10.framework in Frameworks */ = {isa = PBXBuildFile; fileRef = 5CE89C594C42E3E3567F1E97 /* Pods_MyPowerOf10.framework */; };
		91499D7F1FAF8DEB0086134E /* AthleteResult.swift in Sources */ = {isa = PBXBuildFile; fileRef = 91499D7E1FAF8DEB0086134E /* AthleteResult.swift */; };
		91499D821FAF8E570086134E /* String+Additions.swift in Sources */ = {isa = PBXBuildFile; fileRef = 91499D811FAF8E570086134E /* String+Additions.swift */; };
		91A4FCA81FAF48F700D8493D /* FileLoader.swift in Sources */ = {isa = PBXBuildFile; fileRef = 91A4FCA71FAF48F700D8493D /* FileLoader.swift */; };
		91A4FCAB1FAF498500D8493D /* AthleteSearchListOneAthlete.html in Resources */ = {isa = PBXBuildFile; fileRef = 91A4FCAA1FAF498500D8493D /* AthleteSearchListOneAthlete.html */; };
		91A4FCAD1FAF499800D8493D /* AthleteSearchHTMLParserTests.swift in Sources */ = {isa = PBXBuildFile; fileRef = 91A4FCAC1FAF499800D8493D /* AthleteSearchHTMLParserTests.swift */; };
		91A4FCAF1FAF598700D8493D /* AthleteSearchHTMLParser.swift in Sources */ = {isa = PBXBuildFile; fileRef = 91A4FCAE1FAF598700D8493D /* AthleteSearchHTMLParser.swift */; };
		91A4FCB11FAF5FC800D8493D /* AthleteSearchListMultiAthletes.html in Resources */ = {isa = PBXBuildFile; fileRef = 91A4FCB01FAF5FC800D8493D /* AthleteSearchListMultiAthletes.html */; };
		91D402591FAF42E70032ED26 /* AppDelegate.swift in Sources */ = {isa = PBXBuildFile; fileRef = 91D402581FAF42E70032ED26 /* AppDelegate.swift */; };
		91D4025B1FAF42E70032ED26 /* ViewController.swift in Sources */ = {isa = PBXBuildFile; fileRef = 91D4025A1FAF42E70032ED26 /* ViewController.swift */; };
		91D4025E1FAF42E70032ED26 /* Main.storyboard in Resources */ = {isa = PBXBuildFile; fileRef = 91D4025C1FAF42E70032ED26 /* Main.storyboard */; };
		91D402601FAF42E70032ED26 /* Assets.xcassets in Resources */ = {isa = PBXBuildFile; fileRef = 91D4025F1FAF42E70032ED26 /* Assets.xcassets */; };
		91D402631FAF42E70032ED26 /* LaunchScreen.storyboard in Resources */ = {isa = PBXBuildFile; fileRef = 91D402611FAF42E70032ED26 /* LaunchScreen.storyboard */; };
		91D4026E1FAF42E70032ED26 /* MyPowerOf10Tests.swift in Sources */ = {isa = PBXBuildFile; fileRef = 91D4026D1FAF42E70032ED26 /* MyPowerOf10Tests.swift */; };
/* End PBXBuildFile section */

/* Begin PBXContainerItemProxy section */
		91D4026A1FAF42E70032ED26 /* PBXContainerItemProxy */ = {
			isa = PBXContainerItemProxy;
			containerPortal = 91D4024D1FAF42E70032ED26 /* Project object */;
			proxyType = 1;
			remoteGlobalIDString = 91D402541FAF42E70032ED26;
			remoteInfo = MyPowerOf10;
		};
/* End PBXContainerItemProxy section */

/* Begin PBXFileReference section */
		2B9A26B7E92130898935AA16 /* Pods-MyPowerOf10.debug.xcconfig */ = {isa = PBXFileReference; includeInIndex = 1; lastKnownFileType = text.xcconfig; name = "Pods-MyPowerOf10.debug.xcconfig"; path = "Pods/Target Support Files/Pods-MyPowerOf10/Pods-MyPowerOf10.debug.xcconfig"; sourceTree = "<group>"; };
		2FE05CB57D473338CB361414 /* Pods-MyPowerOf10.release.xcconfig */ = {isa = PBXFileReference; includeInIndex = 1; lastKnownFileType = text.xcconfig; name = "Pods-MyPowerOf10.release.xcconfig"; path = "Pods/Target Support Files/Pods-MyPowerOf10/Pods-MyPowerOf10.release.xcconfig"; sourceTree = "<group>"; };
		5CE89C594C42E3E3567F1E97 /* Pods_MyPowerOf10.framework */ = {isa = PBXFileReference; explicitFileType = wrapper.framework; includeInIndex = 0; path = Pods_MyPowerOf10.framework; sourceTree = BUILT_PRODUCTS_DIR; };
		91499D7E1FAF8DEB0086134E /* AthleteResult.swift */ = {isa = PBXFileReference; lastKnownFileType = sourcecode.swift; path = AthleteResult.swift; sourceTree = "<group>"; };
		91499D811FAF8E570086134E /* String+Additions.swift */ = {isa = PBXFileReference; lastKnownFileType = sourcecode.swift; path = "String+Additions.swift"; sourceTree = "<group>"; };
		91A4FCA71FAF48F700D8493D /* FileLoader.swift */ = {isa = PBXFileReference; lastKnownFileType = sourcecode.swift; path = FileLoader.swift; sourceTree = "<group>"; };
		91A4FCAA1FAF498500D8493D /* AthleteSearchListOneAthlete.html */ = {isa = PBXFileReference; fileEncoding = 4; lastKnownFileType = text.html; path = AthleteSearchListOneAthlete.html; sourceTree = "<group>"; };
		91A4FCAC1FAF499800D8493D /* AthleteSearchHTMLParserTests.swift */ = {isa = PBXFileReference; lastKnownFileType = sourcecode.swift; path = AthleteSearchHTMLParserTests.swift; sourceTree = "<group>"; };
		91A4FCAE1FAF598700D8493D /* AthleteSearchHTMLParser.swift */ = {isa = PBXFileReference; lastKnownFileType = sourcecode.swift; path = AthleteSearchHTMLParser.swift; sourceTree = "<group>"; };
		91A4FCB01FAF5FC800D8493D /* AthleteSearchListMultiAthletes.html */ = {isa = PBXFileReference; fileEncoding = 4; lastKnownFileType = text.html; path = AthleteSearchListMultiAthletes.html; sourceTree = "<group>"; };
		91D402551FAF42E70032ED26 /* MyPowerOf10.app */ = {isa = PBXFileReference; explicitFileType = wrapper.application; includeInIndex = 0; path = MyPowerOf10.app; sourceTree = BUILT_PRODUCTS_DIR; };
		91D402581FAF42E70032ED26 /* AppDelegate.swift */ = {isa = PBXFileReference; lastKnownFileType = sourcecode.swift; path = AppDelegate.swift; sourceTree = "<group>"; };
		91D4025A1FAF42E70032ED26 /* ViewController.swift */ = {isa = PBXFileReference; lastKnownFileType = sourcecode.swift; path = ViewController.swift; sourceTree = "<group>"; };
		91D4025D1FAF42E70032ED26 /* Base */ = {isa = PBXFileReference; lastKnownFileType = file.storyboard; name = Base; path = Base.lproj/Main.storyboard; sourceTree = "<group>"; };
		91D4025F1FAF42E70032ED26 /* Assets.xcassets */ = {isa = PBXFileReference; lastKnownFileType = folder.assetcatalog; path = Assets.xcassets; sourceTree = "<group>"; };
		91D402621FAF42E70032ED26 /* Base */ = {isa = PBXFileReference; lastKnownFileType = file.storyboard; name = Base; path = Base.lproj/LaunchScreen.storyboard; sourceTree = "<group>"; };
		91D402641FAF42E70032ED26 /* Info.plist */ = {isa = PBXFileReference; lastKnownFileType = text.plist.xml; path = Info.plist; sourceTree = "<group>"; };
		91D402691FAF42E70032ED26 /* MyPowerOf10Tests.xctest */ = {isa = PBXFileReference; explicitFileType = wrapper.cfbundle; includeInIndex = 0; path = MyPowerOf10Tests.xctest; sourceTree = BUILT_PRODUCTS_DIR; };
		91D4026D1FAF42E70032ED26 /* MyPowerOf10Tests.swift */ = {isa = PBXFileReference; lastKnownFileType = sourcecode.swift; path = MyPowerOf10Tests.swift; sourceTree = "<group>"; };
		91D4026F1FAF42E70032ED26 /* Info.plist */ = {isa = PBXFileReference; lastKnownFileType = text.plist.xml; path = Info.plist; sourceTree = "<group>"; };
		EA7D2C0B3240167CC8F17864 /* Pods_MyPowerOf10Tests.framework */ = {isa = PBXFileReference; explicitFileType = wrapper.framework; includeInIndex = 0; path = Pods_MyPowerOf10Tests.framework; sourceTree = BUILT_PRODUCTS_DIR; };
		EF562A3277F8F180EB66D8D8 /* Pods-MyPowerOf10Tests.release.xcconfig */ = {isa = PBXFileReference; includeInIndex = 1; lastKnownFileType = text.xcconfig; name = "Pods-MyPowerOf10Tests.release.xcconfig"; path = "Pods/Target Support Files/Pods-MyPowerOf10Tests/Pods-MyPowerOf10Tests.release.xcconfig"; sourceTree = "<group>"; };
		F373C3368A4E4C86BA30CC19 /* Pods-MyPowerOf10Tests.debug.xcconfig */ = {isa = PBXFileReference; includeInIndex = 1; lastKnownFileType = text.xcconfig; name = "Pods-MyPowerOf10Tests.debug.xcconfig"; path = "Pods/Target Support Files/Pods-MyPowerOf10Tests/Pods-MyPowerOf10Tests.debug.xcconfig"; sourceTree = "<group>"; };
/* End PBXFileReference section */

/* Begin PBXFrameworksBuildPhase section */
		91D402521FAF42E70032ED26 /* Frameworks */ = {
			isa = PBXFrameworksBuildPhase;
			buildActionMask = 2147483647;
			files = (
				8119C4AAB35F8E5F9D6F2723 /* Pods_MyPowerOf10.framework in Frameworks */,
			);
			runOnlyForDeploymentPostprocessing = 0;
		};
		91D402661FAF42E70032ED26 /* Frameworks */ = {
			isa = PBXFrameworksBuildPhase;
			buildActionMask = 2147483647;
			files = (
				6A66FDD0FD1E7024421163FE /* Pods_MyPowerOf10Tests.framework in Frameworks */,
			);
			runOnlyForDeploymentPostprocessing = 0;
		};
/* End PBXFrameworksBuildPhase section */

/* Begin PBXGroup section */
		3B47BC82835100AF97FF66AA /* Frameworks */ = {
			isa = PBXGroup;
			children = (
				5CE89C594C42E3E3567F1E97 /* Pods_MyPowerOf10.framework */,
				EA7D2C0B3240167CC8F17864 /* Pods_MyPowerOf10Tests.framework */,
			);
			name = Frameworks;
			sourceTree = "<group>";
		};
		91499D7D1FAF8DDB0086134E /* Model */ = {
			isa = PBXGroup;
			children = (
				91499D7E1FAF8DEB0086134E /* AthleteResult.swift */,
			);
			path = Model;
			sourceTree = "<group>";
		};
		91499D801FAF8E480086134E /* Helpers */ = {
			isa = PBXGroup;
			children = (
				91499D811FAF8E570086134E /* String+Additions.swift */,
			);
			path = Helpers;
			sourceTree = "<group>";
		};
		916F3FDE1FAF462B00D36B2D /* HTML Parsers */ = {
			isa = PBXGroup;
			children = (
				91A4FCAE1FAF598700D8493D /* AthleteSearchHTMLParser.swift */,
			);
			path = "HTML Parsers";
			sourceTree = "<group>";
		};
		91A4FCA61FAF489800D8493D /* HTML Parsers */ = {
			isa = PBXGroup;
			children = (
				91A4FCA91FAF491E00D8493D /* HTML Files */,
				91A4FCA71FAF48F700D8493D /* FileLoader.swift */,
				91A4FCAC1FAF499800D8493D /* AthleteSearchHTMLParserTests.swift */,
			);
			path = "HTML Parsers";
			sourceTree = "<group>";
		};
		91A4FCA91FAF491E00D8493D /* HTML Files */ = {
			isa = PBXGroup;
			children = (
				91A4FCAA1FAF498500D8493D /* AthleteSearchListOneAthlete.html */,
				91A4FCB01FAF5FC800D8493D /* AthleteSearchListMultiAthletes.html */,
			);
			path = "HTML Files";
			sourceTree = "<group>";
		};
		91D4024C1FAF42E70032ED26 = {
			isa = PBXGroup;
			children = (
				91D402571FAF42E70032ED26 /* MyPowerOf10 */,
				91D4026C1FAF42E70032ED26 /* MyPowerOf10Tests */,
				91D402561FAF42E70032ED26 /* Products */,
				C88D9DC543D12B39FAF4F910 /* Pods */,
				3B47BC82835100AF97FF66AA /* Frameworks */,
			);
			sourceTree = "<group>";
		};
		91D402561FAF42E70032ED26 /* Products */ = {
			isa = PBXGroup;
			children = (
				91D402551FAF42E70032ED26 /* MyPowerOf10.app */,
				91D402691FAF42E70032ED26 /* MyPowerOf10Tests.xctest */,
			);
			name = Products;
			sourceTree = "<group>";
		};
		91D402571FAF42E70032ED26 /* MyPowerOf10 */ = {
			isa = PBXGroup;
			children = (
				91499D801FAF8E480086134E /* Helpers */,
				91499D7D1FAF8DDB0086134E /* Model */,
				916F3FDE1FAF462B00D36B2D /* HTML Parsers */,
				91D402581FAF42E70032ED26 /* AppDelegate.swift */,
				91D4025A1FAF42E70032ED26 /* ViewController.swift */,
				91D4025C1FAF42E70032ED26 /* Main.storyboard */,
				91D4025F1FAF42E70032ED26 /* Assets.xcassets */,
				91D402611FAF42E70032ED26 /* LaunchScreen.storyboard */,
				91D402641FAF42E70032ED26 /* Info.plist */,
			);
			path = MyPowerOf10;
			sourceTree = "<group>";
		};
		91D4026C1FAF42E70032ED26 /* MyPowerOf10Tests */ = {
			isa = PBXGroup;
			children = (
				91A4FCA61FAF489800D8493D /* HTML Parsers */,
				91D4026D1FAF42E70032ED26 /* MyPowerOf10Tests.swift */,
				91D4026F1FAF42E70032ED26 /* Info.plist */,
			);
			path = MyPowerOf10Tests;
			sourceTree = "<group>";
		};
		C88D9DC543D12B39FAF4F910 /* Pods */ = {
			isa = PBXGroup;
			children = (
				2B9A26B7E92130898935AA16 /* Pods-MyPowerOf10.debug.xcconfig */,
				2FE05CB57D473338CB361414 /* Pods-MyPowerOf10.release.xcconfig */,
				F373C3368A4E4C86BA30CC19 /* Pods-MyPowerOf10Tests.debug.xcconfig */,
				EF562A3277F8F180EB66D8D8 /* Pods-MyPowerOf10Tests.release.xcconfig */,
			);
			name = Pods;
			sourceTree = "<group>";
		};
/* End PBXGroup section */

/* Begin PBXNativeTarget section */
		91D402541FAF42E70032ED26 /* MyPowerOf10 */ = {
			isa = PBXNativeTarget;
			buildConfigurationList = 91D402721FAF42E70032ED26 /* Build configuration list for PBXNativeTarget "MyPowerOf10" */;
			buildPhases = (
				2D95BE3AA4D207853FB77BBE /* [CP] Check Pods Manifest.lock */,
				91D402511FAF42E70032ED26 /* Sources */,
				91D402521FAF42E70032ED26 /* Frameworks */,
				91D402531FAF42E70032ED26 /* Resources */,
				9ED2F0E507C39688DA1DDEBD /* [CP] Embed Pods Frameworks */,
				66540541F42F178D54A792D0 /* [CP] Copy Pods Resources */,
			);
			buildRules = (
			);
			dependencies = (
			);
			name = MyPowerOf10;
			productName = MyPowerOf10;
			productReference = 91D402551FAF42E70032ED26 /* MyPowerOf10.app */;
			productType = "com.apple.product-type.application";
		};
		91D402681FAF42E70032ED26 /* MyPowerOf10Tests */ = {
			isa = PBXNativeTarget;
			buildConfigurationList = 91D402751FAF42E70032ED26 /* Build configuration list for PBXNativeTarget "MyPowerOf10Tests" */;
			buildPhases = (
				17F1589580AD66AECD23158F /* [CP] Check Pods Manifest.lock */,
				91D402651FAF42E70032ED26 /* Sources */,
				91D402661FAF42E70032ED26 /* Frameworks */,
				91D402671FAF42E70032ED26 /* Resources */,
				71779B7704FF200D7E8D39AE /* [CP] Embed Pods Frameworks */,
				B2EAAA4B55DE7CB3D3783F02 /* [CP] Copy Pods Resources */,
			);
			buildRules = (
			);
			dependencies = (
				91D4026B1FAF42E70032ED26 /* PBXTargetDependency */,
			);
			name = MyPowerOf10Tests;
			productName = MyPowerOf10Tests;
			productReference = 91D402691FAF42E70032ED26 /* MyPowerOf10Tests.xctest */;
			productType = "com.apple.product-type.bundle.unit-test";
		};
/* End PBXNativeTarget section */

/* Begin PBXProject section */
		91D4024D1FAF42E70032ED26 /* Project object */ = {
			isa = PBXProject;
			attributes = {
				LastSwiftUpdateCheck = 0900;
				LastUpgradeCheck = 0900;
				ORGANIZATIONNAME = JohnSanderson;
				TargetAttributes = {
					91D402541FAF42E70032ED26 = {
						CreatedOnToolsVersion = 9.0.1;
						ProvisioningStyle = Automatic;
					};
					91D402681FAF42E70032ED26 = {
						CreatedOnToolsVersion = 9.0.1;
						ProvisioningStyle = Automatic;
						TestTargetID = 91D402541FAF42E70032ED26;
					};
				};
			};
			buildConfigurationList = 91D402501FAF42E70032ED26 /* Build configuration list for PBXProject "MyPowerOf10" */;
			compatibilityVersion = "Xcode 8.0";
			developmentRegion = en;
			hasScannedForEncodings = 0;
			knownRegions = (
				en,
				Base,
			);
			mainGroup = 91D4024C1FAF42E70032ED26;
			productRefGroup = 91D402561FAF42E70032ED26 /* Products */;
			projectDirPath = "";
			projectRoot = "";
			targets = (
				91D402541FAF42E70032ED26 /* MyPowerOf10 */,
				91D402681FAF42E70032ED26 /* MyPowerOf10Tests */,
			);
		};
/* End PBXProject section */

/* Begin PBXResourcesBuildPhase section */
		91D402531FAF42E70032ED26 /* Resources */ = {
			isa = PBXResourcesBuildPhase;
			buildActionMask = 2147483647;
			files = (
				91D402631FAF42E70032ED26 /* LaunchScreen.storyboard in Resources */,
				91D402601FAF42E70032ED26 /* Assets.xcassets in Resources */,
				91D4025E1FAF42E70032ED26 /* Main.storyboard in Resources */,
			);
			runOnlyForDeploymentPostprocessing = 0;
		};
		91D402671FAF42E70032ED26 /* Resources */ = {
			isa = PBXResourcesBuildPhase;
			buildActionMask = 2147483647;
			files = (
				91A4FCB11FAF5FC800D8493D /* AthleteSearchListMultiAthletes.html in Resources */,
				91A4FCAB1FAF498500D8493D /* AthleteSearchListOneAthlete.html in Resources */,
			);
			runOnlyForDeploymentPostprocessing = 0;
		};
/* End PBXResourcesBuildPhase section */

/* Begin PBXShellScriptBuildPhase section */
		17F1589580AD66AECD23158F /* [CP] Check Pods Manifest.lock */ = {
			isa = PBXShellScriptBuildPhase;
			buildActionMask = 2147483647;
			files = (
			);
			inputPaths = (
				"${PODS_PODFILE_DIR_PATH}/Podfile.lock",
				"${PODS_ROOT}/Manifest.lock",
			);
			name = "[CP] Check Pods Manifest.lock";
			outputPaths = (
				"$(DERIVED_FILE_DIR)/Pods-MyPowerOf10Tests-checkManifestLockResult.txt",
			);
			runOnlyForDeploymentPostprocessing = 0;
			shellPath = /bin/sh;
			shellScript = "diff \"${PODS_PODFILE_DIR_PATH}/Podfile.lock\" \"${PODS_ROOT}/Manifest.lock\" > /dev/null\nif [ $? != 0 ] ; then\n    # print error to STDERR\n    echo \"error: The sandbox is not in sync with the Podfile.lock. Run 'pod install' or update your CocoaPods installation.\" >&2\n    exit 1\nfi\n# This output is used by Xcode 'outputs' to avoid re-running this script phase.\necho \"SUCCESS\" > \"${SCRIPT_OUTPUT_FILE_0}\"\n";
			showEnvVarsInLog = 0;
		};
		2D95BE3AA4D207853FB77BBE /* [CP] Check Pods Manifest.lock */ = {
			isa = PBXShellScriptBuildPhase;
			buildActionMask = 2147483647;
			files = (
			);
			inputPaths = (
				"${PODS_PODFILE_DIR_PATH}/Podfile.lock",
				"${PODS_ROOT}/Manifest.lock",
			);
			name = "[CP] Check Pods Manifest.lock";
			outputPaths = (
				"$(DERIVED_FILE_DIR)/Pods-MyPowerOf10-checkManifestLockResult.txt",
			);
			runOnlyForDeploymentPostprocessing = 0;
			shellPath = /bin/sh;
			shellScript = "diff \"${PODS_PODFILE_DIR_PATH}/Podfile.lock\" \"${PODS_ROOT}/Manifest.lock\" > /dev/null\nif [ $? != 0 ] ; then\n    # print error to STDERR\n    echo \"error: The sandbox is not in sync with the Podfile.lock. Run 'pod install' or update your CocoaPods installation.\" >&2\n    exit 1\nfi\n# This output is used by Xcode 'outputs' to avoid re-running this script phase.\necho \"SUCCESS\" > \"${SCRIPT_OUTPUT_FILE_0}\"\n";
			showEnvVarsInLog = 0;
		};
		66540541F42F178D54A792D0 /* [CP] Copy Pods Resources */ = {
			isa = PBXShellScriptBuildPhase;
			buildActionMask = 2147483647;
			files = (
			);
			inputPaths = (
			);
			name = "[CP] Copy Pods Resources";
			outputPaths = (
			);
			runOnlyForDeploymentPostprocessing = 0;
			shellPath = /bin/sh;
			shellScript = "\"${SRCROOT}/Pods/Target Support Files/Pods-MyPowerOf10/Pods-MyPowerOf10-resources.sh\"\n";
			showEnvVarsInLog = 0;
		};
		71779B7704FF200D7E8D39AE /* [CP] Embed Pods Frameworks */ = {
			isa = PBXShellScriptBuildPhase;
			buildActionMask = 2147483647;
			files = (
			);
			inputPaths = (
			);
			name = "[CP] Embed Pods Frameworks";
			outputPaths = (
			);
			runOnlyForDeploymentPostprocessing = 0;
			shellPath = /bin/sh;
			shellScript = "\"${SRCROOT}/Pods/Target Support Files/Pods-MyPowerOf10Tests/Pods-MyPowerOf10Tests-frameworks.sh\"\n";
			showEnvVarsInLog = 0;
		};
		9ED2F0E507C39688DA1DDEBD /* [CP] Embed Pods Frameworks */ = {
			isa = PBXShellScriptBuildPhase;
			buildActionMask = 2147483647;
			files = (
			);
			inputPaths = (
				"${SRCROOT}/Pods/Target Support Files/Pods-MyPowerOf10/Pods-MyPowerOf10-frameworks.sh",
				"${BUILT_PRODUCTS_DIR}/Kanna/Kanna.framework",
				"${BUILT_PRODUCTS_DIR}/TABResourceLoader/TABResourceLoader.framework",
			);
			name = "[CP] Embed Pods Frameworks";
			outputPaths = (
				"${TARGET_BUILD_DIR}/${FRAMEWORKS_FOLDER_PATH}/Kanna.framework",
				"${TARGET_BUILD_DIR}/${FRAMEWORKS_FOLDER_PATH}/TABResourceLoader.framework",
			);
			runOnlyForDeploymentPostprocessing = 0;
			shellPath = /bin/sh;
			shellScript = "\"${SRCROOT}/Pods/Target Support Files/Pods-MyPowerOf10/Pods-MyPowerOf10-frameworks.sh\"\n";
			showEnvVarsInLog = 0;
		};
		B2EAAA4B55DE7CB3D3783F02 /* [CP] Copy Pods Resources */ = {
			isa = PBXShellScriptBuildPhase;
			buildActionMask = 2147483647;
			files = (
			);
			inputPaths = (
			);
			name = "[CP] Copy Pods Resources";
			outputPaths = (
			);
			runOnlyForDeploymentPostprocessing = 0;
			shellPath = /bin/sh;
			shellScript = "\"${SRCROOT}/Pods/Target Support Files/Pods-MyPowerOf10Tests/Pods-MyPowerOf10Tests-resources.sh\"\n";
			showEnvVarsInLog = 0;
		};
/* End PBXShellScriptBuildPhase section */

/* Begin PBXSourcesBuildPhase section */
		91D402511FAF42E70032ED26 /* Sources */ = {
			isa = PBXSourcesBuildPhase;
			buildActionMask = 2147483647;
			files = (
				91499D7F1FAF8DEB0086134E /* AthleteResult.swift in Sources */,
				91499D821FAF8E570086134E /* String+Additions.swift in Sources */,
				91D4025B1FAF42E70032ED26 /* ViewController.swift in Sources */,
				91D402591FAF42E70032ED26 /* AppDelegate.swift in Sources */,
				91A4FCAF1FAF598700D8493D /* AthleteSearchHTMLParser.swift in Sources */,
			);
			runOnlyForDeploymentPostprocessing = 0;
		};
		91D402651FAF42E70032ED26 /* Sources */ = {
			isa = PBXSourcesBuildPhase;
			buildActionMask = 2147483647;
			files = (
				91A4FCAD1FAF499800D8493D /* AthleteSearchHTMLParserTests.swift in Sources */,
				91A4FCA81FAF48F700D8493D /* FileLoader.swift in Sources */,
				91D4026E1FAF42E70032ED26 /* MyPowerOf10Tests.swift in Sources */,
			);
			runOnlyForDeploymentPostprocessing = 0;
		};
/* End PBXSourcesBuildPhase section */

/* Begin PBXTargetDependency section */
		91D4026B1FAF42E70032ED26 /* PBXTargetDependency */ = {
			isa = PBXTargetDependency;
			target = 91D402541FAF42E70032ED26 /* MyPowerOf10 */;
			targetProxy = 91D4026A1FAF42E70032ED26 /* PBXContainerItemProxy */;
		};
/* End PBXTargetDependency section */

/* Begin PBXVariantGroup section */
		91D4025C1FAF42E70032ED26 /* Main.storyboard */ = {
			isa = PBXVariantGroup;
			children = (
				91D4025D1FAF42E70032ED26 /* Base */,
			);
			name = Main.storyboard;
			sourceTree = "<group>";
		};
		91D402611FAF42E70032ED26 /* LaunchScreen.storyboard */ = {
			isa = PBXVariantGroup;
			children = (
				91D402621FAF42E70032ED26 /* Base */,
			);
			name = LaunchScreen.storyboard;
			sourceTree = "<group>";
		};
/* End PBXVariantGroup section */

/* Begin XCBuildConfiguration section */
		91D402701FAF42E70032ED26 /* Debug */ = {
			isa = XCBuildConfiguration;
			buildSettings = {
				ALWAYS_SEARCH_USER_PATHS = NO;
				CLANG_ANALYZER_NONNULL = YES;
				CLANG_ANALYZER_NUMBER_OBJECT_CONVERSION = YES_AGGRESSIVE;
				CLANG_CXX_LANGUAGE_STANDARD = "gnu++14";
				CLANG_CXX_LIBRARY = "libc++";
				CLANG_ENABLE_MODULES = YES;
				CLANG_ENABLE_OBJC_ARC = YES;
				CLANG_WARN_BLOCK_CAPTURE_AUTORELEASING = YES;
				CLANG_WARN_BOOL_CONVERSION = YES;
				CLANG_WARN_COMMA = YES;
				CLANG_WARN_CONSTANT_CONVERSION = YES;
				CLANG_WARN_DIRECT_OBJC_ISA_USAGE = YES_ERROR;
				CLANG_WARN_DOCUMENTATION_COMMENTS = YES;
				CLANG_WARN_EMPTY_BODY = YES;
				CLANG_WARN_ENUM_CONVERSION = YES;
				CLANG_WARN_INFINITE_RECURSION = YES;
				CLANG_WARN_INT_CONVERSION = YES;
				CLANG_WARN_NON_LITERAL_NULL_CONVERSION = YES;
				CLANG_WARN_OBJC_LITERAL_CONVERSION = YES;
				CLANG_WARN_OBJC_ROOT_CLASS = YES_ERROR;
				CLANG_WARN_RANGE_LOOP_ANALYSIS = YES;
				CLANG_WARN_STRICT_PROTOTYPES = YES;
				CLANG_WARN_SUSPICIOUS_MOVE = YES;
				CLANG_WARN_UNGUARDED_AVAILABILITY = YES_AGGRESSIVE;
				CLANG_WARN_UNREACHABLE_CODE = YES;
				CLANG_WARN__DUPLICATE_METHOD_MATCH = YES;
				CODE_SIGN_IDENTITY = "iPhone Developer";
				COPY_PHASE_STRIP = NO;
				DEBUG_INFORMATION_FORMAT = dwarf;
				ENABLE_STRICT_OBJC_MSGSEND = YES;
				ENABLE_TESTABILITY = YES;
				GCC_C_LANGUAGE_STANDARD = gnu11;
				GCC_DYNAMIC_NO_PIC = NO;
				GCC_NO_COMMON_BLOCKS = YES;
				GCC_OPTIMIZATION_LEVEL = 0;
				GCC_PREPROCESSOR_DEFINITIONS = (
					"DEBUG=1",
					"$(inherited)",
				);
				GCC_WARN_64_TO_32_BIT_CONVERSION = YES;
				GCC_WARN_ABOUT_RETURN_TYPE = YES_ERROR;
				GCC_WARN_UNDECLARED_SELECTOR = YES;
				GCC_WARN_UNINITIALIZED_AUTOS = YES_AGGRESSIVE;
				GCC_WARN_UNUSED_FUNCTION = YES;
				GCC_WARN_UNUSED_VARIABLE = YES;
				IPHONEOS_DEPLOYMENT_TARGET = 11.0;
				MTL_ENABLE_DEBUG_INFO = YES;
				ONLY_ACTIVE_ARCH = YES;
				SDKROOT = iphoneos;
				SWIFT_ACTIVE_COMPILATION_CONDITIONS = DEBUG;
				SWIFT_OPTIMIZATION_LEVEL = "-Onone";
			};
			name = Debug;
		};
		91D402711FAF42E70032ED26 /* Release */ = {
			isa = XCBuildConfiguration;
			buildSettings = {
				ALWAYS_SEARCH_USER_PATHS = NO;
				CLANG_ANALYZER_NONNULL = YES;
				CLANG_ANALYZER_NUMBER_OBJECT_CONVERSION = YES_AGGRESSIVE;
				CLANG_CXX_LANGUAGE_STANDARD = "gnu++14";
				CLANG_CXX_LIBRARY = "libc++";
				CLANG_ENABLE_MODULES = YES;
				CLANG_ENABLE_OBJC_ARC = YES;
				CLANG_WARN_BLOCK_CAPTURE_AUTORELEASING = YES;
				CLANG_WARN_BOOL_CONVERSION = YES;
				CLANG_WARN_COMMA = YES;
				CLANG_WARN_CONSTANT_CONVERSION = YES;
				CLANG_WARN_DIRECT_OBJC_ISA_USAGE = YES_ERROR;
				CLANG_WARN_DOCUMENTATION_COMMENTS = YES;
				CLANG_WARN_EMPTY_BODY = YES;
				CLANG_WARN_ENUM_CONVERSION = YES;
				CLANG_WARN_INFINITE_RECURSION = YES;
				CLANG_WARN_INT_CONVERSION = YES;
				CLANG_WARN_NON_LITERAL_NULL_CONVERSION = YES;
				CLANG_WARN_OBJC_LITERAL_CONVERSION = YES;
				CLANG_WARN_OBJC_ROOT_CLASS = YES_ERROR;
				CLANG_WARN_RANGE_LOOP_ANALYSIS = YES;
				CLANG_WARN_STRICT_PROTOTYPES = YES;
				CLANG_WARN_SUSPICIOUS_MOVE = YES;
				CLANG_WARN_UNGUARDED_AVAILABILITY = YES_AGGRESSIVE;
				CLANG_WARN_UNREACHABLE_CODE = YES;
				CLANG_WARN__DUPLICATE_METHOD_MATCH = YES;
				CODE_SIGN_IDENTITY = "iPhone Developer";
				COPY_PHASE_STRIP = NO;
				DEBUG_INFORMATION_FORMAT = "dwarf-with-dsym";
				ENABLE_NS_ASSERTIONS = NO;
				ENABLE_STRICT_OBJC_MSGSEND = YES;
				GCC_C_LANGUAGE_STANDARD = gnu11;
				GCC_NO_COMMON_BLOCKS = YES;
				GCC_WARN_64_TO_32_BIT_CONVERSION = YES;
				GCC_WARN_ABOUT_RETURN_TYPE = YES_ERROR;
				GCC_WARN_UNDECLARED_SELECTOR = YES;
				GCC_WARN_UNINITIALIZED_AUTOS = YES_AGGRESSIVE;
				GCC_WARN_UNUSED_FUNCTION = YES;
				GCC_WARN_UNUSED_VARIABLE = YES;
				IPHONEOS_DEPLOYMENT_TARGET = 11.0;
				MTL_ENABLE_DEBUG_INFO = NO;
				SDKROOT = iphoneos;
				SWIFT_OPTIMIZATION_LEVEL = "-Owholemodule";
				VALIDATE_PRODUCT = YES;
			};
			name = Release;
		};
		91D402731FAF42E70032ED26 /* Debug */ = {
			isa = XCBuildConfiguration;
			baseConfigurationReference = 2B9A26B7E92130898935AA16 /* Pods-MyPowerOf10.debug.xcconfig */;
			buildSettings = {
				ASSETCATALOG_COMPILER_APPICON_NAME = AppIcon;
				CODE_SIGN_STYLE = Automatic;
				DEVELOPMENT_TEAM = CLW6A52232;
				INFOPLIST_FILE = MyPowerOf10/Info.plist;
				LD_RUNPATH_SEARCH_PATHS = "$(inherited) @executable_path/Frameworks";
				PRODUCT_BUNDLE_IDENTIFIER = JohnSanderson.MyPowerOf10;
				PRODUCT_NAME = "$(TARGET_NAME)";
				SWIFT_VERSION = 4.0;
				TARGETED_DEVICE_FAMILY = "1,2";
			};
			name = Debug;
		};
		91D402741FAF42E70032ED26 /* Release */ = {
			isa = XCBuildConfiguration;
			baseConfigurationReference = 2FE05CB57D473338CB361414 /* Pods-MyPowerOf10.release.xcconfig */;
			buildSettings = {
				ASSETCATALOG_COMPILER_APPICON_NAME = AppIcon;
				CODE_SIGN_STYLE = Automatic;
				DEVELOPMENT_TEAM = CLW6A52232;
				INFOPLIST_FILE = MyPowerOf10/Info.plist;
				LD_RUNPATH_SEARCH_PATHS = "$(inherited) @executable_path/Frameworks";
				PRODUCT_BUNDLE_IDENTIFIER = JohnSanderson.MyPowerOf10;
				PRODUCT_NAME = "$(TARGET_NAME)";
				SWIFT_VERSION = 4.0;
				TARGETED_DEVICE_FAMILY = "1,2";
			};
			name = Release;
		};
		91D402761FAF42E70032ED26 /* Debug */ = {
			isa = XCBuildConfiguration;
			baseConfigurationReference = F373C3368A4E4C86BA30CC19 /* Pods-MyPowerOf10Tests.debug.xcconfig */;
			buildSettings = {
				ALWAYS_EMBED_SWIFT_STANDARD_LIBRARIES = YES;
				BUNDLE_LOADER = "$(TEST_HOST)";
				CODE_SIGN_STYLE = Automatic;
				DEVELOPMENT_TEAM = CLW6A52232;
				INFOPLIST_FILE = MyPowerOf10Tests/Info.plist;
				LD_RUNPATH_SEARCH_PATHS = "$(inherited) @executable_path/Frameworks @loader_path/Frameworks";
				PRODUCT_BUNDLE_IDENTIFIER = JohnSanderson.MyPowerOf10Tests;
				PRODUCT_NAME = "$(TARGET_NAME)";
				SWIFT_VERSION = 4.0;
				TARGETED_DEVICE_FAMILY = "1,2";
				TEST_HOST = "$(BUILT_PRODUCTS_DIR)/MyPowerOf10.app/MyPowerOf10";
			};
			name = Debug;
		};
		91D402771FAF42E70032ED26 /* Release */ = {
			isa = XCBuildConfiguration;
			baseConfigurationReference = EF562A3277F8F180EB66D8D8 /* Pods-MyPowerOf10Tests.release.xcconfig */;
			buildSettings = {
				ALWAYS_EMBED_SWIFT_STANDARD_LIBRARIES = YES;
				BUNDLE_LOADER = "$(TEST_HOST)";
				CODE_SIGN_STYLE = Automatic;
				DEVELOPMENT_TEAM = CLW6A52232;
				INFOPLIST_FILE = MyPowerOf10Tests/Info.plist;
				LD_RUNPATH_SEARCH_PATHS = "$(inherited) @executable_path/Frameworks @loader_path/Frameworks";
				PRODUCT_BUNDLE_IDENTIFIER = JohnSanderson.MyPowerOf10Tests;
				PRODUCT_NAME = "$(TARGET_NAME)";
				SWIFT_VERSION = 4.0;
				TARGETED_DEVICE_FAMILY = "1,2";
				TEST_HOST = "$(BUILT_PRODUCTS_DIR)/MyPowerOf10.app/MyPowerOf10";
			};
			name = Release;
		};
/* End XCBuildConfiguration section */

/* Begin XCConfigurationList section */
		91D402501FAF42E70032ED26 /* Build configuration list for PBXProject "MyPowerOf10" */ = {
			isa = XCConfigurationList;
			buildConfigurations = (
				91D402701FAF42E70032ED26 /* Debug */,
				91D402711FAF42E70032ED26 /* Release */,
			);
			defaultConfigurationIsVisible = 0;
			defaultConfigurationName = Release;
		};
		91D402721FAF42E70032ED26 /* Build configuration list for PBXNativeTarget "MyPowerOf10" */ = {
			isa = XCConfigurationList;
			buildConfigurations = (
				91D402731FAF42E70032ED26 /* Debug */,
				91D402741FAF42E70032ED26 /* Release */,
			);
			defaultConfigurationIsVisible = 0;
			defaultConfigurationName = Release;
		};
		91D402751FAF42E70032ED26 /* Build configuration list for PBXNativeTarget "MyPowerOf10Tests" */ = {
			isa = XCConfigurationList;
			buildConfigurations = (
				91D402761FAF42E70032ED26 /* Debug */,
				91D402771FAF42E70032ED26 /* Release */,
			);
			defaultConfigurationIsVisible = 0;
			defaultConfigurationName = Release;
		};
/* End XCConfigurationList section */
	};
	rootObject = 91D4024D1FAF42E70032ED26 /* Project object */;
}
