PODS:
  - Kanna (4.0.0)
  - TABResourceLoader (7.0.0)

DEPENDENCIES:
  - Kanna (from `https://github.com/tid-kijyun/Kanna.git`, branch `feature/v4.0.0`)
  - TABResourceLoader (~> 7.0.0)

EXTERNAL SOURCES:
  Kanna:
    :branch: feature/v4.0.0
    :git: https://github.com/tid-kijyun/Kanna.git

CHECKOUT OPTIONS:
  Kanna:
    :commit: 58e3513d20cd16fe8b9ff16b5a2b481fcd643499
    :git: https://github.com/tid-kijyun/Kanna.git

SPEC CHECKSUMS:
  Kanna: d5ae2a26472f7e7a474e7f36a9cd8aa2c8c63ad3
  TABResourceLoader: 2bb76d2446b438a9ea081bfef7299cf117bfe214

PODFILE CHECKSUM: 4573b7ccb18466bc8eadcdac771a1594a6c7e426

COCOAPODS: 1.3.1
